// !$*UTF8*$!
{
	archiveVersion = 1;
	classes = {
	};
	objectVersion = 46;
	objects = {

/* Begin PBXBuildFile section */
		041DB201189AA3A700E4AFE9 /* SDLMain.mm in Sources */ = {isa = PBXBuildFile; fileRef = 041DB200189AA37200E4AFE9 /* SDLMain.mm */; };
		041DB204189AA46C00E4AFE9 /* gfx.cpp in Sources */ = {isa = PBXBuildFile; fileRef = 041DB202189AA44400E4AFE9 /* gfx.cpp */; };
		044A07EF189C29DF003AEC51 /* rom_collection.cpp in Sources */ = {isa = PBXBuildFile; fileRef = 044A07ED189C29B2003AEC51 /* rom_collection.cpp */; };
		04B7518A1898BE300013CFD7 /* controls.cpp in Sources */ = {isa = PBXBuildFile; fileRef = 04B751851898BDF80013CFD7 /* controls.cpp */; };
		04B7518B1898BE320013CFD7 /* persistence.cpp in Sources */ = {isa = PBXBuildFile; fileRef = 04B751871898BDF90013CFD7 /* persistence.cpp */; };
		04CB0439189766CC00169B41 /* loader.cpp in Sources */ = {isa = PBXBuildFile; fileRef = 04CB0433189766C200169B41 /* loader.cpp */; };
		04CB043A189766CD00169B41 /* settings.cpp in Sources */ = {isa = PBXBuildFile; fileRef = 04CB0435189766C200169B41 /* settings.cpp */; };
		04CB043B189766CF00169B41 /* utils.cpp in Sources */ = {isa = PBXBuildFile; fileRef = 04CB0437189766C200169B41 /* utils.cpp */; };
		04CB043D189766D500169B41 /* main.cpp in Sources */ = {isa = PBXBuildFile; fileRef = 04CB043C189766D500169B41 /* main.cpp */; };
		04CB04451897670300169B41 /* Cocoa.framework in Frameworks */ = {isa = PBXBuildFile; fileRef = 04CB04441897670300169B41 /* Cocoa.framework */; };
		04CB045F1897671E00169B41 /* loader.cpp in Sources */ = {isa = PBXBuildFile; fileRef = 04CB0433189766C200169B41 /* loader.cpp */; };
		04CB04601897671F00169B41 /* settings.cpp in Sources */ = {isa = PBXBuildFile; fileRef = 04CB0435189766C200169B41 /* settings.cpp */; };
		04CB04611897672100169B41 /* utils.cpp in Sources */ = {isa = PBXBuildFile; fileRef = 04CB0437189766C200169B41 /* utils.cpp */; };
		04CB04621897672200169B41 /* main.cpp in Sources */ = {isa = PBXBuildFile; fileRef = 04CB043C189766D500169B41 /* main.cpp */; };
		04CB04641897675200169B41 /* SDL.framework in Frameworks */ = {isa = PBXBuildFile; fileRef = 04CB04631897675200169B41 /* SDL.framework */; };
		04DD9379189BFC4B00EC0AAA /* manager.cpp in Sources */ = {isa = PBXBuildFile; fileRef = 04DD9377189BFC1200EC0AAA /* manager.cpp */; };
		04DD937A189C170100EC0AAA /* Cocoa-Info.plist in Resources */ = {isa = PBXBuildFile; fileRef = 045B2658189AC86D00DA8019 /* Cocoa-Info.plist */; };
		04E605D218998D100035A501 /* SDL in Frameworks */ = {isa = PBXBuildFile; fileRef = 04E605D118998D100035A501 /* SDL */; };
		04E605D41899EA4A0035A501 /* dummycore.cpp in Sources */ = {isa = PBXBuildFile; fileRef = 04E605D31899EA4A0035A501 /* dummycore.cpp */; };
		04E605D51899ECD20035A501 /* dummycore.cpp in Sources */ = {isa = PBXBuildFile; fileRef = 04E605D31899EA4A0035A501 /* dummycore.cpp */; };
/* End PBXBuildFile section */

/* Begin PBXCopyFilesBuildPhase section */
		04CB04241897669C00169B41 /* CopyFiles */ = {
			isa = PBXCopyFilesBuildPhase;
			buildActionMask = 2147483647;
			dstPath = /usr/share/man/man1/;
			dstSubfolderSpec = 0;
			files = (
			);
			runOnlyForDeploymentPostprocessing = 1;
		};
/* End PBXCopyFilesBuildPhase section */

/* Begin PBXFileReference section */
		041DB1FF189AA37200E4AFE9 /* SDLMain.h */ = {isa = PBXFileReference; lastKnownFileType = sourcecode.c.h; path = SDLMain.h; sourceTree = SOURCE_ROOT; };
		041DB200189AA37200E4AFE9 /* SDLMain.mm */ = {isa = PBXFileReference; lastKnownFileType = sourcecode.cpp.objcpp; path = SDLMain.mm; sourceTree = SOURCE_ROOT; };
		041DB202189AA44400E4AFE9 /* gfx.cpp */ = {isa = PBXFileReference; lastKnownFileType = sourcecode.cpp.cpp; name = gfx.cpp; path = ../gfx.cpp; sourceTree = SOURCE_ROOT; };
		041DB203189AA44400E4AFE9 /* gfx.h */ = {isa = PBXFileReference; lastKnownFileType = sourcecode.c.h; name = gfx.h; path = ../gfx.h; sourceTree = SOURCE_ROOT; };
		044A07ED189C29B2003AEC51 /* rom_collection.cpp */ = {isa = PBXFileReference; lastKnownFileType = sourcecode.cpp.cpp; name = rom_collection.cpp; path = ../rom_collection.cpp; sourceTree = SOURCE_ROOT; };
		044A07EE189C29B2003AEC51 /* rom_collection.h */ = {isa = PBXFileReference; lastKnownFileType = sourcecode.c.h; name = rom_collection.h; path = ../rom_collection.h; sourceTree = SOURCE_ROOT; };
		045B2658189AC86D00DA8019 /* Cocoa-Info.plist */ = {isa = PBXFileReference; fileEncoding = 4; lastKnownFileType = text.plist.xml; path = "Cocoa-Info.plist"; sourceTree = SOURCE_ROOT; };
		045B265A189AC89000DA8019 /* Cocoa-Prefix.pch */ = {isa = PBXFileReference; lastKnownFileType = sourcecode.c.h; path = "Cocoa-Prefix.pch"; sourceTree = SOURCE_ROOT; };
		04B751841898B8FE0013CFD7 /* defines.h */ = {isa = PBXFileReference; lastKnownFileType = sourcecode.c.h; name = defines.h; path = ../defines.h; sourceTree = SOURCE_ROOT; };
		04B751851898BDF80013CFD7 /* controls.cpp */ = {isa = PBXFileReference; lastKnownFileType = sourcecode.cpp.cpp; name = controls.cpp; path = ../controls.cpp; sourceTree = SOURCE_ROOT; };
		04B751861898BDF90013CFD7 /* controls.h */ = {isa = PBXFileReference; lastKnownFileType = sourcecode.c.h; name = controls.h; path = ../controls.h; sourceTree = SOURCE_ROOT; };
		04B751871898BDF90013CFD7 /* persistence.cpp */ = {isa = PBXFileReference; lastKnownFileType = sourcecode.cpp.cpp; name = persistence.cpp; path = ../persistence.cpp; sourceTree = SOURCE_ROOT; };
		04B751881898BDF90013CFD7 /* persistence.h */ = {isa = PBXFileReference; lastKnownFileType = sourcecode.c.h; name = persistence.h; path = ../persistence.h; sourceTree = SOURCE_ROOT; };
		04CB04261897669C00169B41 /* GCW Prototype */ = {isa = PBXFileReference; explicitFileType = "compiled.mach-o.executable"; includeInIndex = 0; path = "GCW Prototype"; sourceTree = BUILT_PRODUCTS_DIR; };
		04CB0432189766C200169B41 /* emu_interface.h */ = {isa = PBXFileReference; lastKnownFileType = sourcecode.c.h; name = emu_interface.h; path = ../emu_interface.h; sourceTree = SOURCE_ROOT; };
		04CB0433189766C200169B41 /* loader.cpp */ = {isa = PBXFileReference; lastKnownFileType = sourcecode.cpp.cpp; name = loader.cpp; path = ../loader.cpp; sourceTree = SOURCE_ROOT; };
		04CB0434189766C200169B41 /* loader.h */ = {isa = PBXFileReference; lastKnownFileType = sourcecode.c.h; name = loader.h; path = ../loader.h; sourceTree = SOURCE_ROOT; };
		04CB0435189766C200169B41 /* settings.cpp */ = {isa = PBXFileReference; lastKnownFileType = sourcecode.cpp.cpp; name = settings.cpp; path = ../settings.cpp; sourceTree = SOURCE_ROOT; };
		04CB0436189766C200169B41 /* settings.h */ = {isa = PBXFileReference; lastKnownFileType = sourcecode.c.h; name = settings.h; path = ../settings.h; sourceTree = SOURCE_ROOT; };
		04CB0437189766C200169B41 /* utils.cpp */ = {isa = PBXFileReference; lastKnownFileType = sourcecode.cpp.cpp; name = utils.cpp; path = ../utils.cpp; sourceTree = SOURCE_ROOT; };
		04CB0438189766C200169B41 /* utils.h */ = {isa = PBXFileReference; lastKnownFileType = sourcecode.c.h; name = utils.h; path = ../utils.h; sourceTree = SOURCE_ROOT; };
		04CB043C189766D500169B41 /* main.cpp */ = {isa = PBXFileReference; fileEncoding = 4; lastKnownFileType = sourcecode.cpp.cpp; name = main.cpp; path = ../main.cpp; sourceTree = SOURCE_ROOT; };
		04CB04421897670300169B41 /* Cocoa.app */ = {isa = PBXFileReference; explicitFileType = wrapper.application; includeInIndex = 0; path = Cocoa.app; sourceTree = BUILT_PRODUCTS_DIR; };
		04CB04441897670300169B41 /* Cocoa.framework */ = {isa = PBXFileReference; lastKnownFileType = wrapper.framework; name = Cocoa.framework; path = System/Library/Frameworks/Cocoa.framework; sourceTree = SDKROOT; };
		04CB04471897670300169B41 /* AppKit.framework */ = {isa = PBXFileReference; lastKnownFileType = wrapper.framework; name = AppKit.framework; path = System/Library/Frameworks/AppKit.framework; sourceTree = SDKROOT; };
		04CB04481897670300169B41 /* CoreData.framework */ = {isa = PBXFileReference; lastKnownFileType = wrapper.framework; name = CoreData.framework; path = System/Library/Frameworks/CoreData.framework; sourceTree = SDKROOT; };
		04CB04491897670300169B41 /* Foundation.framework */ = {isa = PBXFileReference; lastKnownFileType = wrapper.framework; name = Foundation.framework; path = System/Library/Frameworks/Foundation.framework; sourceTree = SDKROOT; };
		04CB04631897675200169B41 /* SDL.framework */ = {isa = PBXFileReference; lastKnownFileType = wrapper.framework; name = SDL.framework; path = ../../../../../../Library/Frameworks/SDL.framework; sourceTree = "<group>"; };
		04DD9377189BFC1200EC0AAA /* manager.cpp */ = {isa = PBXFileReference; lastKnownFileType = sourcecode.cpp.cpp; name = manager.cpp; path = ../manager.cpp; sourceTree = SOURCE_ROOT; };
		04DD9378189BFC1200EC0AAA /* manager.h */ = {isa = PBXFileReference; lastKnownFileType = sourcecode.c.h; name = manager.h; path = ../manager.h; sourceTree = SOURCE_ROOT; };
		04E605D118998D100035A501 /* SDL */ = {isa = PBXFileReference; lastKnownFileType = "compiled.mach-o.dylib"; name = SDL; path = /Library/Frameworks/SDL.framework/Versions/Current/SDL; sourceTree = "<absolute>"; };
		04E605D31899EA4A0035A501 /* dummycore.cpp */ = {isa = PBXFileReference; fileEncoding = 4; lastKnownFileType = sourcecode.cpp.cpp; name = dummycore.cpp; path = ../dummycore.cpp; sourceTree = SOURCE_ROOT; };
/* End PBXFileReference section */

/* Begin PBXFrameworksBuildPhase section */
		04CB04231897669C00169B41 /* Frameworks */ = {
			isa = PBXFrameworksBuildPhase;
			buildActionMask = 2147483647;
			files = (
				04CB04641897675200169B41 /* SDL.framework in Frameworks */,
			);
			runOnlyForDeploymentPostprocessing = 0;
		};
		04CB043F1897670300169B41 /* Frameworks */ = {
			isa = PBXFrameworksBuildPhase;
			buildActionMask = 2147483647;
			files = (
				04E605D218998D100035A501 /* SDL in Frameworks */,
				04CB04451897670300169B41 /* Cocoa.framework in Frameworks */,
			);
			runOnlyForDeploymentPostprocessing = 0;
		};
/* End PBXFrameworksBuildPhase section */

/* Begin PBXGroup section */
		041DB1FE189AA36000E4AFE9 /* Supporting Files */ = {
			isa = PBXGroup;
			children = (
				045B265A189AC89000DA8019 /* Cocoa-Prefix.pch */,
				045B2658189AC86D00DA8019 /* Cocoa-Info.plist */,
				041DB1FF189AA37200E4AFE9 /* SDLMain.h */,
				041DB200189AA37200E4AFE9 /* SDLMain.mm */,
			);
			name = "Supporting Files";
			path = "GCW Prototype";
			sourceTree = "<group>";
		};
		04CB041D1897669C00169B41 = {
			isa = PBXGroup;
			children = (
				04E605D118998D100035A501 /* SDL */,
				04CB04281897669C00169B41 /* GCW Prototype */,
				041DB1FE189AA36000E4AFE9 /* Supporting Files */,
				04CB04431897670300169B41 /* Frameworks */,
				04CB04271897669C00169B41 /* Products */,
			);
			sourceTree = "<group>";
		};
		04CB04271897669C00169B41 /* Products */ = {
			isa = PBXGroup;
			children = (
				04CB04261897669C00169B41 /* GCW Prototype */,
				04CB04421897670300169B41 /* Cocoa.app */,
			);
			name = Products;
			sourceTree = "<group>";
		};
		04CB04281897669C00169B41 /* GCW Prototype */ = {
			isa = PBXGroup;
			children = (
				04B751841898B8FE0013CFD7 /* defines.h */,
				04CB0432189766C200169B41 /* emu_interface.h */,
				04CB0433189766C200169B41 /* loader.cpp */,
				04CB0434189766C200169B41 /* loader.h */,
				044A07ED189C29B2003AEC51 /* rom_collection.cpp */,
				044A07EE189C29B2003AEC51 /* rom_collection.h */,
				04CB0435189766C200169B41 /* settings.cpp */,
				04CB0436189766C200169B41 /* settings.h */,
				04B751851898BDF80013CFD7 /* controls.cpp */,
				04B751861898BDF90013CFD7 /* controls.h */,
				04B751871898BDF90013CFD7 /* persistence.cpp */,
				04B751881898BDF90013CFD7 /* persistence.h */,
				04E605D31899EA4A0035A501 /* dummycore.cpp */,
				04CB0437189766C200169B41 /* utils.cpp */,
				04CB0438189766C200169B41 /* utils.h */,
				041DB202189AA44400E4AFE9 /* gfx.cpp */,
				041DB203189AA44400E4AFE9 /* gfx.h */,
				04DD9377189BFC1200EC0AAA /* manager.cpp */,
				04DD9378189BFC1200EC0AAA /* manager.h */,
				04CB043C189766D500169B41 /* main.cpp */,
			);
			path = "GCW Prototype";
			sourceTree = "<group>";
		};
		04CB04431897670300169B41 /* Frameworks */ = {
			isa = PBXGroup;
			children = (
				04CB04631897675200169B41 /* SDL.framework */,
				04CB04441897670300169B41 /* Cocoa.framework */,
				04CB04461897670300169B41 /* Other Frameworks */,
			);
			name = Frameworks;
			sourceTree = "<group>";
		};
		04CB04461897670300169B41 /* Other Frameworks */ = {
			isa = PBXGroup;
			children = (
				04CB04471897670300169B41 /* AppKit.framework */,
				04CB04481897670300169B41 /* CoreData.framework */,
				04CB04491897670300169B41 /* Foundation.framework */,
			);
			name = "Other Frameworks";
			sourceTree = "<group>";
		};
/* End PBXGroup section */

/* Begin PBXNativeTarget section */
		04CB04251897669C00169B41 /* GCW Prototype */ = {
			isa = PBXNativeTarget;
			buildConfigurationList = 04CB042F1897669C00169B41 /* Build configuration list for PBXNativeTarget "GCW Prototype" */;
			buildPhases = (
				04CB04221897669C00169B41 /* Sources */,
				04CB04231897669C00169B41 /* Frameworks */,
				04CB04241897669C00169B41 /* CopyFiles */,
			);
			buildRules = (
			);
			dependencies = (
			);
			name = "GCW Prototype";
			productName = "GCW Prototype";
			productReference = 04CB04261897669C00169B41 /* GCW Prototype */;
			productType = "com.apple.product-type.tool";
		};
		04CB04411897670300169B41 /* Cocoa */ = {
			isa = PBXNativeTarget;
			buildConfigurationList = 04CB045C1897670300169B41 /* Build configuration list for PBXNativeTarget "Cocoa" */;
			buildPhases = (
				04CB043E1897670300169B41 /* Sources */,
				04CB043F1897670300169B41 /* Frameworks */,
				04CB04401897670300169B41 /* Resources */,
			);
			buildRules = (
			);
			dependencies = (
			);
			name = Cocoa;
			productName = Cocoa;
			productReference = 04CB04421897670300169B41 /* Cocoa.app */;
			productType = "com.apple.product-type.application";
		};
/* End PBXNativeTarget section */

/* Begin PBXProject section */
		04CB041E1897669C00169B41 /* Project object */ = {
			isa = PBXProject;
			attributes = {
				LastUpgradeCheck = 0460;
				ORGANIZATIONNAME = Jack;
			};
			buildConfigurationList = 04CB04211897669C00169B41 /* Build configuration list for PBXProject "GCW Prototype" */;
			compatibilityVersion = "Xcode 3.2";
			developmentRegion = English;
			hasScannedForEncodings = 0;
			knownRegions = (
				en,
			);
			mainGroup = 04CB041D1897669C00169B41;
			productRefGroup = 04CB04271897669C00169B41 /* Products */;
			projectDirPath = "";
			projectRoot = "";
			targets = (
				04CB04251897669C00169B41 /* GCW Prototype */,
				04CB04411897670300169B41 /* Cocoa */,
			);
		};
/* End PBXProject section */

/* Begin PBXResourcesBuildPhase section */
		04CB04401897670300169B41 /* Resources */ = {
			isa = PBXResourcesBuildPhase;
			buildActionMask = 2147483647;
			files = (
				04DD937A189C170100EC0AAA /* Cocoa-Info.plist in Resources */,
			);
			runOnlyForDeploymentPostprocessing = 0;
		};
/* End PBXResourcesBuildPhase section */

/* Begin PBXSourcesBuildPhase section */
		04CB04221897669C00169B41 /* Sources */ = {
			isa = PBXSourcesBuildPhase;
			buildActionMask = 2147483647;
			files = (
				04CB0439189766CC00169B41 /* loader.cpp in Sources */,
				04CB043A189766CD00169B41 /* settings.cpp in Sources */,
				04CB043B189766CF00169B41 /* utils.cpp in Sources */,
				04CB043D189766D500169B41 /* main.cpp in Sources */,
				04E605D41899EA4A0035A501 /* dummycore.cpp in Sources */,
			);
			runOnlyForDeploymentPostprocessing = 0;
		};
		04CB043E1897670300169B41 /* Sources */ = {
			isa = PBXSourcesBuildPhase;
			buildActionMask = 2147483647;
			files = (
				04CB045F1897671E00169B41 /* loader.cpp in Sources */,
				04CB04601897671F00169B41 /* settings.cpp in Sources */,
				04CB04611897672100169B41 /* utils.cpp in Sources */,
				04CB04621897672200169B41 /* main.cpp in Sources */,
				04B7518A1898BE300013CFD7 /* controls.cpp in Sources */,
				04B7518B1898BE320013CFD7 /* persistence.cpp in Sources */,
				04E605D51899ECD20035A501 /* dummycore.cpp in Sources */,
				04DD9379189BFC4B00EC0AAA /* manager.cpp in Sources */,
				041DB204189AA46C00E4AFE9 /* gfx.cpp in Sources */,
				044A07EF189C29DF003AEC51 /* rom_collection.cpp in Sources */,
				041DB201189AA3A700E4AFE9 /* SDLMain.mm in Sources */,
			);
			runOnlyForDeploymentPostprocessing = 0;
		};
/* End PBXSourcesBuildPhase section */

/* Begin XCBuildConfiguration section */
		04CB042D1897669C00169B41 /* Debug */ = {
			isa = XCBuildConfiguration;
			buildSettings = {
				ALWAYS_SEARCH_USER_PATHS = NO;
				ARCHS = "$(ARCHS_STANDARD_64_BIT)";
				CLANG_CXX_LANGUAGE_STANDARD = "gnu++0x";
				CLANG_CXX_LIBRARY = "libc++";
				CLANG_WARN_CONSTANT_CONVERSION = YES;
				CLANG_WARN_EMPTY_BODY = YES;
				CLANG_WARN_ENUM_CONVERSION = YES;
				CLANG_WARN_INT_CONVERSION = YES;
				CLANG_WARN__DUPLICATE_METHOD_MATCH = YES;
				COPY_PHASE_STRIP = NO;
				GCC_C_LANGUAGE_STANDARD = gnu99;
				GCC_DYNAMIC_NO_PIC = NO;
				GCC_ENABLE_OBJC_EXCEPTIONS = YES;
				GCC_OPTIMIZATION_LEVEL = 0;
				GCC_PREPROCESSOR_DEFINITIONS = (
					"DEBUG=1",
					"$(inherited)",
				);
				GCC_SYMBOLS_PRIVATE_EXTERN = NO;
				GCC_WARN_64_TO_32_BIT_CONVERSION = YES;
				GCC_WARN_ABOUT_RETURN_TYPE = YES;
				GCC_WARN_UNINITIALIZED_AUTOS = YES;
				GCC_WARN_UNUSED_VARIABLE = YES;
				MACOSX_DEPLOYMENT_TARGET = 10.8;
				ONLY_ACTIVE_ARCH = YES;
				SDKROOT = macosx;
			};
			name = Debug;
		};
		04CB042E1897669C00169B41 /* Release */ = {
			isa = XCBuildConfiguration;
			buildSettings = {
				ALWAYS_SEARCH_USER_PATHS = NO;
				ARCHS = "$(ARCHS_STANDARD_64_BIT)";
				CLANG_CXX_LANGUAGE_STANDARD = "gnu++0x";
				CLANG_CXX_LIBRARY = "libc++";
				CLANG_WARN_CONSTANT_CONVERSION = YES;
				CLANG_WARN_EMPTY_BODY = YES;
				CLANG_WARN_ENUM_CONVERSION = YES;
				CLANG_WARN_INT_CONVERSION = YES;
				CLANG_WARN__DUPLICATE_METHOD_MATCH = YES;
				COPY_PHASE_STRIP = YES;
				DEBUG_INFORMATION_FORMAT = "dwarf-with-dsym";
				GCC_C_LANGUAGE_STANDARD = gnu99;
				GCC_ENABLE_OBJC_EXCEPTIONS = YES;
				GCC_WARN_64_TO_32_BIT_CONVERSION = YES;
				GCC_WARN_ABOUT_RETURN_TYPE = YES;
				GCC_WARN_UNINITIALIZED_AUTOS = YES;
				GCC_WARN_UNUSED_VARIABLE = YES;
				MACOSX_DEPLOYMENT_TARGET = 10.8;
				SDKROOT = macosx;
			};
			name = Release;
		};
		04CB04301897669C00169B41 /* Debug */ = {
			isa = XCBuildConfiguration;
			buildSettings = {
				PRODUCT_NAME = "$(TARGET_NAME)";
			};
			name = Debug;
		};
		04CB04311897669C00169B41 /* Release */ = {
			isa = XCBuildConfiguration;
			buildSettings = {
				PRODUCT_NAME = "$(TARGET_NAME)";
			};
			name = Release;
		};
		04CB045D1897670300169B41 /* Debug */ = {
			isa = XCBuildConfiguration;
			buildSettings = {
				COMBINE_HIDPI_IMAGES = YES;
				GCC_PRECOMPILE_PREFIX_HEADER = YES;
				GCC_PREFIX_HEADER = "Cocoa-Prefix.pch";
				HEADER_SEARCH_PATHS = /Library/Frameworks/SDL.framework/Headers;
				INFOPLIST_FILE = "$(SRCROOT)/Cocoa-Info.plist";
				LIBRARY_SEARCH_PATHS = (
					/Library/Frameworks/SDL.framework/,
					"\"$(LOCAL_LIBRARY_DIR)/Frameworks/SDL.framework/Versions/Current\"",
				);
				PRODUCT_NAME = "$(TARGET_NAME)";
				WARNING_CFLAGS = "-Wall";
				WRAPPER_EXTENSION = app;
			};
			name = Debug;
		};
		04CB045E1897670300169B41 /* Release */ = {
			isa = XCBuildConfiguration;
			buildSettings = {
				COMBINE_HIDPI_IMAGES = YES;
				GCC_PRECOMPILE_PREFIX_HEADER = YES;
				GCC_PREFIX_HEADER = "Cocoa-Prefix.pch";
				HEADER_SEARCH_PATHS = /Library/Frameworks/SDL.framework/Headers;
				INFOPLIST_FILE = "$(SRCROOT)/Cocoa-Info.plist";
				LIBRARY_SEARCH_PATHS = (
					/Library/Frameworks/SDL.framework/,
					"\"$(LOCAL_LIBRARY_DIR)/Frameworks/SDL.framework/Versions/Current\"",
				);
				PRODUCT_NAME = "$(TARGET_NAME)";
				WARNING_CFLAGS = "-Wall";
				WRAPPER_EXTENSION = app;
			};
			name = Release;
		};
/* End XCBuildConfiguration section */

/* Begin XCConfigurationList section */
		04CB04211897669C00169B41 /* Build configuration list for PBXProject "GCW Prototype" */ = {
			isa = XCConfigurationList;
			buildConfigurations = (
				04CB042D1897669C00169B41 /* Debug */,
				04CB042E1897669C00169B41 /* Release */,
			);
			defaultConfigurationIsVisible = 0;
			defaultConfigurationName = Release;
		};
		04CB042F1897669C00169B41 /* Build configuration list for PBXNativeTarget "GCW Prototype" */ = {
			isa = XCConfigurationList;
			buildConfigurations = (
				04CB04301897669C00169B41 /* Debug */,
				04CB04311897669C00169B41 /* Release */,
			);
			defaultConfigurationIsVisible = 0;
			defaultConfigurationName = Release;
		};
		04CB045C1897670300169B41 /* Build configuration list for PBXNativeTarget "Cocoa" */ = {
			isa = XCConfigurationList;
			buildConfigurations = (
				04CB045D1897670300169B41 /* Debug */,
				04CB045E1897670300169B41 /* Release */,
			);
			defaultConfigurationIsVisible = 0;
			defaultConfigurationName = Release;
		};
/* End XCConfigurationList section */
	};
	rootObject = 04CB041E1897669C00169B41 /* Project object */;
}
