// !$*UTF8*$!
{
	archiveVersion = 1;
	classes = {
	};
	objectVersion = 46;
	objects = {

/* Begin PBXBuildFile section */
		0435E55E1A636BC10059AC7E /* pause_view.cpp in Sources */ = {isa = PBXBuildFile; fileRef = 0435E55C1A636BC10059AC7E /* pause_view.cpp */; };
		043E7E0618A206A70015B350 /* SDL_image.framework in Frameworks */ = {isa = PBXBuildFile; fileRef = 043E7E0418A206A70015B350 /* SDL_image.framework */; };
		043E7E0718A206A70015B350 /* SDL.framework in Frameworks */ = {isa = PBXBuildFile; fileRef = 043E7E0518A206A70015B350 /* SDL.framework */; };
		043E7E0918A208FE0015B350 /* libSDLmain.a in Frameworks */ = {isa = PBXBuildFile; fileRef = 043E7E0818A208FE0015B350 /* libSDLmain.a */; };
		043E7E0A18A209040015B350 /* libSDLmain.a in Frameworks */ = {isa = PBXBuildFile; fileRef = 043E7E0818A208FE0015B350 /* libSDLmain.a */; };
		047E9A9A1A55CF140066C697 /* utils.cpp in Sources */ = {isa = PBXBuildFile; fileRef = 047E9A781A55CF140066C697 /* utils.cpp */; };
		047E9A9B1A55CF140066C697 /* utils.cpp in Sources */ = {isa = PBXBuildFile; fileRef = 047E9A781A55CF140066C697 /* utils.cpp */; };
		047E9A9C1A55CF140066C697 /* loader.cpp in Sources */ = {isa = PBXBuildFile; fileRef = 047E9A7C1A55CF140066C697 /* loader.cpp */; };
		047E9A9D1A55CF140066C697 /* loader.cpp in Sources */ = {isa = PBXBuildFile; fileRef = 047E9A7C1A55CF140066C697 /* loader.cpp */; };
		047E9A9E1A55CF140066C697 /* manager.cpp in Sources */ = {isa = PBXBuildFile; fileRef = 047E9A7E1A55CF140066C697 /* manager.cpp */; };
		047E9A9F1A55CF140066C697 /* manager.cpp in Sources */ = {isa = PBXBuildFile; fileRef = 047E9A7E1A55CF140066C697 /* manager.cpp */; };
		047E9AA01A55CF140066C697 /* persistence.cpp in Sources */ = {isa = PBXBuildFile; fileRef = 047E9A811A55CF140066C697 /* persistence.cpp */; };
		047E9AA11A55CF140066C697 /* persistence.cpp in Sources */ = {isa = PBXBuildFile; fileRef = 047E9A811A55CF140066C697 /* persistence.cpp */; };
		047E9AA21A55CF140066C697 /* rom_collection.cpp in Sources */ = {isa = PBXBuildFile; fileRef = 047E9A831A55CF140066C697 /* rom_collection.cpp */; };
		047E9AA31A55CF140066C697 /* rom_collection.cpp in Sources */ = {isa = PBXBuildFile; fileRef = 047E9A831A55CF140066C697 /* rom_collection.cpp */; };
		047E9AA41A55CF140066C697 /* settings.cpp in Sources */ = {isa = PBXBuildFile; fileRef = 047E9A851A55CF140066C697 /* settings.cpp */; };
		047E9AA51A55CF140066C697 /* settings.cpp in Sources */ = {isa = PBXBuildFile; fileRef = 047E9A851A55CF140066C697 /* settings.cpp */; };
		047E9AA61A55CF140066C697 /* dummycore.cpp in Sources */ = {isa = PBXBuildFile; fileRef = 047E9A881A55CF140066C697 /* dummycore.cpp */; };
		047E9AA71A55CF140066C697 /* dummycore.cpp in Sources */ = {isa = PBXBuildFile; fileRef = 047E9A881A55CF140066C697 /* dummycore.cpp */; };
		047E9AA81A55CF140066C697 /* main.cpp in Sources */ = {isa = PBXBuildFile; fileRef = 047E9A891A55CF140066C697 /* main.cpp */; };
		047E9AA91A55CF140066C697 /* main.cpp in Sources */ = {isa = PBXBuildFile; fileRef = 047E9A891A55CF140066C697 /* main.cpp */; };
		047E9AB01A55CF140066C697 /* core_view.cpp in Sources */ = {isa = PBXBuildFile; fileRef = 047E9A941A55CF140066C697 /* core_view.cpp */; };
		047E9AB11A55CF140066C697 /* core_view.cpp in Sources */ = {isa = PBXBuildFile; fileRef = 047E9A941A55CF140066C697 /* core_view.cpp */; };
		047E9AB21A55CF140066C697 /* menu_view.cpp in Sources */ = {isa = PBXBuildFile; fileRef = 047E9A961A55CF140066C697 /* menu_view.cpp */; };
		047E9AB31A55CF140066C697 /* menu_view.cpp in Sources */ = {isa = PBXBuildFile; fileRef = 047E9A961A55CF140066C697 /* menu_view.cpp */; };
		047E9AB41A55CF140066C697 /* path_view.cpp in Sources */ = {isa = PBXBuildFile; fileRef = 047E9A981A55CF140066C697 /* path_view.cpp */; };
		047E9AB51A55CF140066C697 /* path_view.cpp in Sources */ = {isa = PBXBuildFile; fileRef = 047E9A981A55CF140066C697 /* path_view.cpp */; };
		04914AB61A601E28001EAD6A /* gfx.cpp in Sources */ = {isa = PBXBuildFile; fileRef = 04914AB01A601E28001EAD6A /* gfx.cpp */; };
		04914AB71A601E28001EAD6A /* menu.cpp in Sources */ = {isa = PBXBuildFile; fileRef = 04914AB21A601E28001EAD6A /* menu.cpp */; };
		04914AB81A601E28001EAD6A /* view.cpp in Sources */ = {isa = PBXBuildFile; fileRef = 04914AB41A601E28001EAD6A /* view.cpp */; };
		04914ABC1A60254F001EAD6A /* sfx.cpp in Sources */ = {isa = PBXBuildFile; fileRef = 04914ABB1A60254F001EAD6A /* sfx.cpp */; };
		04914AC31A602896001EAD6A /* audiosink.cpp in Sources */ = {isa = PBXBuildFile; fileRef = 04914ABF1A602896001EAD6A /* audiosink.cpp */; };
		04914AC51A602944001EAD6A /* rateest.cpp in Sources */ = {isa = PBXBuildFile; fileRef = 04914AC41A602944001EAD6A /* rateest.cpp */; };
		04914B011A60367F001EAD6A /* SDL.framework in Frameworks */ = {isa = PBXBuildFile; fileRef = 043E7E0518A206A70015B350 /* SDL.framework */; };
		04914B0D1A60420A001EAD6A /* u48div.cpp in Sources */ = {isa = PBXBuildFile; fileRef = 04914B0C1A60420A001EAD6A /* u48div.cpp */; };
		04914B501A604A4C001EAD6A /* defined_ptr.h in Headers */ = {isa = PBXBuildFile; fileRef = 04914B131A604A4C001EAD6A /* defined_ptr.h */; };
		04914B6F1A604A4C001EAD6A /* scoped_ptr.h in Headers */ = {isa = PBXBuildFile; fileRef = 04914B341A604A4C001EAD6A /* scoped_ptr.h */; };
		04914B731A604A4C001EAD6A /* transfer_ptr.h in Headers */ = {isa = PBXBuildFile; fileRef = 04914B381A604A4C001EAD6A /* transfer_ptr.h */; };
		04914B741A604A4C001EAD6A /* uncopyable.h in Headers */ = {isa = PBXBuildFile; fileRef = 04914B391A604A4C001EAD6A /* uncopyable.h */; };
		04914B751A604A4C001EAD6A /* usec.h in Headers */ = {isa = PBXBuildFile; fileRef = 04914B3A1A604A4C001EAD6A /* usec.h */; };
		04914B761A604A4C001EAD6A /* rgb32conv.cpp in Sources */ = {isa = PBXBuildFile; fileRef = 04914B3C1A604A4C001EAD6A /* rgb32conv.cpp */; };
		04914B771A604A4C001EAD6A /* rgb32conv.h in Headers */ = {isa = PBXBuildFile; fileRef = 04914B3D1A604A4C001EAD6A /* rgb32conv.h */; };
		04914B781A604A4C001EAD6A /* vfilterinfo.cpp in Sources */ = {isa = PBXBuildFile; fileRef = 04914B3E1A604A4C001EAD6A /* vfilterinfo.cpp */; };
		04914B791A604A4C001EAD6A /* vfilterinfo.h in Headers */ = {isa = PBXBuildFile; fileRef = 04914B3F1A604A4C001EAD6A /* vfilterinfo.h */; };
		04914B7A1A604A4C001EAD6A /* catrom2x.cpp in Sources */ = {isa = PBXBuildFile; fileRef = 04914B411A604A4C001EAD6A /* catrom2x.cpp */; };
		04914B7B1A604A4C001EAD6A /* catrom2x.h in Headers */ = {isa = PBXBuildFile; fileRef = 04914B421A604A4C001EAD6A /* catrom2x.h */; };
		04914B7C1A604A4C001EAD6A /* catrom3x.cpp in Sources */ = {isa = PBXBuildFile; fileRef = 04914B431A604A4C001EAD6A /* catrom3x.cpp */; };
		04914B7D1A604A4C001EAD6A /* catrom3x.h in Headers */ = {isa = PBXBuildFile; fileRef = 04914B441A604A4C001EAD6A /* catrom3x.h */; };
		04914B7E1A604A4C001EAD6A /* kreed2xsai.cpp in Sources */ = {isa = PBXBuildFile; fileRef = 04914B451A604A4C001EAD6A /* kreed2xsai.cpp */; };
		04914B7F1A604A4C001EAD6A /* kreed2xsai.h in Headers */ = {isa = PBXBuildFile; fileRef = 04914B461A604A4C001EAD6A /* kreed2xsai.h */; };
		04914B801A604A4C001EAD6A /* maxsthq2x.cpp in Sources */ = {isa = PBXBuildFile; fileRef = 04914B471A604A4C001EAD6A /* maxsthq2x.cpp */; };
		04914B811A604A4C001EAD6A /* maxsthq2x.h in Headers */ = {isa = PBXBuildFile; fileRef = 04914B481A604A4C001EAD6A /* maxsthq2x.h */; };
		04914B821A604A4C001EAD6A /* maxsthq3x.cpp in Sources */ = {isa = PBXBuildFile; fileRef = 04914B491A604A4C001EAD6A /* maxsthq3x.cpp */; };
		04914B831A604A4C001EAD6A /* maxsthq3x.h in Headers */ = {isa = PBXBuildFile; fileRef = 04914B4A1A604A4C001EAD6A /* maxsthq3x.h */; };
		04914B841A604A4C001EAD6A /* videolink.h in Headers */ = {isa = PBXBuildFile; fileRef = 04914B4B1A604A4C001EAD6A /* videolink.h */; };
		0497E2C41A5795E800CAC445 /* systems.cpp in Sources */ = {isa = PBXBuildFile; fileRef = 0497E2C31A5795E800CAC445 /* systems.cpp */; };
		0497E2C51A5795E800CAC445 /* systems.cpp in Sources */ = {isa = PBXBuildFile; fileRef = 0497E2C31A5795E800CAC445 /* systems.cpp */; };
		04B60DB91A58580C00DCFDBD /* loading_view.cpp in Sources */ = {isa = PBXBuildFile; fileRef = 04B60DB71A58580C00DCFDBD /* loading_view.cpp */; };
		04B60DBA1A58580C00DCFDBD /* loading_view.cpp in Sources */ = {isa = PBXBuildFile; fileRef = 04B60DB71A58580C00DCFDBD /* loading_view.cpp */; };
		04B6382F189C9DF50028FA74 /* data in CopyFiles */ = {isa = PBXBuildFile; fileRef = 04B6382C189C9CC40028FA74 /* data */; };
		04BE23671A5B9EC600F61BD1 /* Basic_Gb_Apu.cpp in Sources */ = {isa = PBXBuildFile; fileRef = 04BE23401A5B9E7600F61BD1 /* Basic_Gb_Apu.cpp */; };
		04BE23681A5B9EC600F61BD1 /* Blip_Buffer.cpp in Sources */ = {isa = PBXBuildFile; fileRef = 04BE23461A5B9E7600F61BD1 /* Blip_Buffer.cpp */; };
		04BE23691A5B9EC600F61BD1 /* Gb_Apu.cpp in Sources */ = {isa = PBXBuildFile; fileRef = 04BE23491A5B9E7600F61BD1 /* Gb_Apu.cpp */; };
		04BE236A1A5B9EC600F61BD1 /* Gb_Oscs.cpp in Sources */ = {isa = PBXBuildFile; fileRef = 04BE234B1A5B9E7600F61BD1 /* Gb_Oscs.cpp */; };
		04BE236B1A5B9EC600F61BD1 /* Multi_Buffer.cpp in Sources */ = {isa = PBXBuildFile; fileRef = 04BE234D1A5B9E7600F61BD1 /* Multi_Buffer.cpp */; };
		04BE236C1A5B9EC600F61BD1 /* Sound_Queue.cpp in Sources */ = {isa = PBXBuildFile; fileRef = 04BE234F1A5B9E7600F61BD1 /* Sound_Queue.cpp */; };
		04BE236D1A5B9EC600F61BD1 /* cartridge.cpp in Sources */ = {isa = PBXBuildFile; fileRef = 04BE23511A5B9E7600F61BD1 /* cartridge.cpp */; };
		04BE236E1A5B9EC600F61BD1 /* cpu.cpp in Sources */ = {isa = PBXBuildFile; fileRef = 04BE23531A5B9E7600F61BD1 /* cpu.cpp */; };
		04BE236F1A5B9EC600F61BD1 /* display.cpp in Sources */ = {isa = PBXBuildFile; fileRef = 04BE23551A5B9E7600F61BD1 /* display.cpp */; };
		04BE23701A5B9EC600F61BD1 /* emulator.cpp in Sources */ = {isa = PBXBuildFile; fileRef = 04BE23571A5B9E7600F61BD1 /* emulator.cpp */; };
		04BE23711A5B9EC600F61BD1 /* gcw.cpp in Sources */ = {isa = PBXBuildFile; fileRef = 04BE235A1A5B9E7600F61BD1 /* gcw.cpp */; };
		04BE23721A5B9EC600F61BD1 /* memory.cpp in Sources */ = {isa = PBXBuildFile; fileRef = 04BE235C1A5B9E7600F61BD1 /* memory.cpp */; };
		04BE23731A5B9EC600F61BD1 /* opcodes.cpp in Sources */ = {isa = PBXBuildFile; fileRef = 04BE235E1A5B9E7600F61BD1 /* opcodes.cpp */; };
		04BE23751A5B9EC600F61BD1 /* sound.cpp in Sources */ = {isa = PBXBuildFile; fileRef = 04BE23641A5B9E7600F61BD1 /* sound.cpp */; };
		04BE23761A5B9ED400F61BD1 /* SDL.framework in Frameworks */ = {isa = PBXBuildFile; fileRef = 043E7E0518A206A70015B350 /* SDL.framework */; };
		04BE23771A5B9ED700F61BD1 /* SDL_image.framework in Frameworks */ = {isa = PBXBuildFile; fileRef = 043E7E0418A206A70015B350 /* SDL_image.framework */; };
		04BE237B1A5B9F2F00F61BD1 /* geekboy.dylib in CopyFiles */ = {isa = PBXBuildFile; fileRef = 04BE233A1A5B9E5100F61BD1 /* geekboy.dylib */; };
		04CB04451897670300169B41 /* Cocoa.framework in Frameworks */ = {isa = PBXBuildFile; fileRef = 04CB04441897670300169B41 /* Cocoa.framework */; };
		04F011851A5F5AA300F370D0 /* bitmap_font.cpp in Sources */ = {isa = PBXBuildFile; fileRef = 04F010C01A5F5A0500F370D0 /* bitmap_font.cpp */; };
		04F011861A5F5AA300F370D0 /* cpu.cpp in Sources */ = {isa = PBXBuildFile; fileRef = 04F010C41A5F5A0500F370D0 /* cpu.cpp */; };
		04F011871A5F5AA300F370D0 /* file.cpp in Sources */ = {isa = PBXBuildFile; fileRef = 04F010C81A5F5A0500F370D0 /* file.cpp */; };
		04F011881A5F5AA300F370D0 /* file_zip.cpp in Sources */ = {isa = PBXBuildFile; fileRef = 04F010CB1A5F5A0500F370D0 /* file_zip.cpp */; };
		04F011891A5F5AA300F370D0 /* ioapi.c in Sources */ = {isa = PBXBuildFile; fileRef = 04F010D01A5F5A0500F370D0 /* ioapi.c */; };
		04F0118A1A5F5AA300F370D0 /* unzip.c in Sources */ = {isa = PBXBuildFile; fileRef = 04F010D31A5F5A0500F370D0 /* unzip.c */; };
		04F0118B1A5F5AA300F370D0 /* gambatte.cpp in Sources */ = {isa = PBXBuildFile; fileRef = 04F010D61A5F5A0500F370D0 /* gambatte.cpp */; };
		04F0118C1A5F5AA300F370D0 /* initstate.cpp in Sources */ = {isa = PBXBuildFile; fileRef = 04F010D81A5F5A0500F370D0 /* initstate.cpp */; };
		04F0118D1A5F5AA300F370D0 /* interrupter.cpp in Sources */ = {isa = PBXBuildFile; fileRef = 04F010DC1A5F5A0500F370D0 /* interrupter.cpp */; };
		04F0118E1A5F5AA300F370D0 /* interruptrequester.cpp in Sources */ = {isa = PBXBuildFile; fileRef = 04F010DF1A5F5A0500F370D0 /* interruptrequester.cpp */; };
		04F0118F1A5F5AA300F370D0 /* loadres.cpp in Sources */ = {isa = PBXBuildFile; fileRef = 04F010E21A5F5A0500F370D0 /* loadres.cpp */; };
		04F011901A5F5AA300F370D0 /* cartridge.cpp in Sources */ = {isa = PBXBuildFile; fileRef = 04F010E51A5F5A0500F370D0 /* cartridge.cpp */; };
		04F011911A5F5AA300F370D0 /* memptrs.cpp in Sources */ = {isa = PBXBuildFile; fileRef = 04F010E81A5F5A0500F370D0 /* memptrs.cpp */; };
		04F011921A5F5AA300F370D0 /* pakinfo.cpp in Sources */ = {isa = PBXBuildFile; fileRef = 04F010EB1A5F5A0500F370D0 /* pakinfo.cpp */; };
		04F011931A5F5AA300F370D0 /* rtc.cpp in Sources */ = {isa = PBXBuildFile; fileRef = 04F010EE1A5F5A0500F370D0 /* rtc.cpp */; };
		04F011941A5F5AA300F370D0 /* memory.cpp in Sources */ = {isa = PBXBuildFile; fileRef = 04F010F11A5F5A0500F370D0 /* memory.cpp */; };
		04F011951A5F5AA300F370D0 /* channel1.cpp in Sources */ = {isa = PBXBuildFile; fileRef = 04F010F81A5F5A0500F370D0 /* channel1.cpp */; };
		04F011961A5F5AA300F370D0 /* channel2.cpp in Sources */ = {isa = PBXBuildFile; fileRef = 04F010FB1A5F5A0500F370D0 /* channel2.cpp */; };
		04F011971A5F5AA300F370D0 /* channel3.cpp in Sources */ = {isa = PBXBuildFile; fileRef = 04F010FE1A5F5A0500F370D0 /* channel3.cpp */; };
		04F011981A5F5AA300F370D0 /* channel4.cpp in Sources */ = {isa = PBXBuildFile; fileRef = 04F011011A5F5A0500F370D0 /* channel4.cpp */; };
		04F011991A5F5AA300F370D0 /* duty_unit.cpp in Sources */ = {isa = PBXBuildFile; fileRef = 04F011041A5F5A0500F370D0 /* duty_unit.cpp */; };
		04F0119A1A5F5AA300F370D0 /* envelope_unit.cpp in Sources */ = {isa = PBXBuildFile; fileRef = 04F011071A5F5A0500F370D0 /* envelope_unit.cpp */; };
		04F0119B1A5F5AA300F370D0 /* length_counter.cpp in Sources */ = {isa = PBXBuildFile; fileRef = 04F0110A1A5F5A0500F370D0 /* length_counter.cpp */; };
		04F0119C1A5F5AA300F370D0 /* sound.cpp in Sources */ = {isa = PBXBuildFile; fileRef = 04F011101A5F5A0500F370D0 /* sound.cpp */; };
		04F0119D1A5F5AA300F370D0 /* state_osd_elements.cpp in Sources */ = {isa = PBXBuildFile; fileRef = 04F011131A5F5A0500F370D0 /* state_osd_elements.cpp */; };
		04F0119E1A5F5AA300F370D0 /* statesaver.cpp in Sources */ = {isa = PBXBuildFile; fileRef = 04F011161A5F5A0500F370D0 /* statesaver.cpp */; };
		04F0119F1A5F5AA300F370D0 /* tima.cpp in Sources */ = {isa = PBXBuildFile; fileRef = 04F011191A5F5A0500F370D0 /* tima.cpp */; };
		04F011A01A5F5AA300F370D0 /* ly_counter.cpp in Sources */ = {isa = PBXBuildFile; fileRef = 04F0111E1A5F5A0500F370D0 /* ly_counter.cpp */; };
		04F011A11A5F5AA300F370D0 /* lyc_irq.cpp in Sources */ = {isa = PBXBuildFile; fileRef = 04F011211A5F5A0500F370D0 /* lyc_irq.cpp */; };
		04F011A21A5F5AA300F370D0 /* next_m0_time.cpp in Sources */ = {isa = PBXBuildFile; fileRef = 04F011251A5F5A0500F370D0 /* next_m0_time.cpp */; };
		04F011A31A5F5AA300F370D0 /* ppu.cpp in Sources */ = {isa = PBXBuildFile; fileRef = 04F011281A5F5A0500F370D0 /* ppu.cpp */; };
		04F011A41A5F5AA300F370D0 /* sprite_mapper.cpp in Sources */ = {isa = PBXBuildFile; fileRef = 04F0112B1A5F5A0500F370D0 /* sprite_mapper.cpp */; };
		04F011A51A5F5AA300F370D0 /* video.cpp in Sources */ = {isa = PBXBuildFile; fileRef = 04F0112E1A5F5A0500F370D0 /* video.cpp */; };
		04F011AD1A5F601A00F370D0 /* libz.dylib in Frameworks */ = {isa = PBXBuildFile; fileRef = 04F011AC1A5F601A00F370D0 /* libz.dylib */; };
		04F011AF1A5F605D00F370D0 /* gambatte.dylib in CopyFiles */ = {isa = PBXBuildFile; fileRef = 04F011811A5F5A2D00F370D0 /* gambatte.dylib */; };
		04F011BA1A5F699900F370D0 /* gcw.cpp in Sources */ = {isa = PBXBuildFile; fileRef = 04F011B91A5F699900F370D0 /* gcw.cpp */; };
/* End PBXBuildFile section */

/* Begin PBXContainerItemProxy section */
		0486FA3E1A5CF06500453A29 /* PBXContainerItemProxy */ = {
			isa = PBXContainerItemProxy;
			containerPortal = 04CB041E1897669C00169B41 /* Project object */;
			proxyType = 1;
			remoteGlobalIDString = 04BE23391A5B9E5100F61BD1;
			remoteInfo = geekboy;
		};
		04F011BB1A5F789700F370D0 /* PBXContainerItemProxy */ = {
			isa = PBXContainerItemProxy;
			containerPortal = 04CB041E1897669C00169B41 /* Project object */;
			proxyType = 1;
			remoteGlobalIDString = 04F011801A5F5A2D00F370D0;
			remoteInfo = gambatte;
		};
/* End PBXContainerItemProxy section */

/* Begin PBXCopyFilesBuildPhase section */
		04B6382E189C9DEF0028FA74 /* CopyFiles */ = {
			isa = PBXCopyFilesBuildPhase;
			buildActionMask = 2147483647;
			dstPath = "";
			dstSubfolderSpec = 16;
			files = (
				04B6382F189C9DF50028FA74 /* data in CopyFiles */,
			);
			runOnlyForDeploymentPostprocessing = 0;
		};
		04BE237A1A5B9F2800F61BD1 /* CopyFiles */ = {
			isa = PBXCopyFilesBuildPhase;
			buildActionMask = 2147483647;
			dstPath = "/Users/jack/Documents/Dev/github/gcw0-emu-api/xcode/root/usr/local/home/loader/cores";
			dstSubfolderSpec = 0;
			files = (
				04BE237B1A5B9F2F00F61BD1 /* geekboy.dylib in CopyFiles */,
			);
			runOnlyForDeploymentPostprocessing = 0;
		};
		04CB04241897669C00169B41 /* CopyFiles */ = {
			isa = PBXCopyFilesBuildPhase;
			buildActionMask = 2147483647;
			dstPath = /usr/share/man/man1/;
			dstSubfolderSpec = 0;
			files = (
			);
			runOnlyForDeploymentPostprocessing = 1;
		};
		04F011AE1A5F604700F370D0 /* CopyFiles */ = {
			isa = PBXCopyFilesBuildPhase;
			buildActionMask = 2147483647;
			dstPath = "/Users/jack/Documents/Dev/github/gcw0-emu-api/xcode/root/usr/local/home/loader/cores";
			dstSubfolderSpec = 0;
			files = (
				04F011AF1A5F605D00F370D0 /* gambatte.dylib in CopyFiles */,
			);
			runOnlyForDeploymentPostprocessing = 0;
		};
/* End PBXCopyFilesBuildPhase section */

/* Begin PBXFileReference section */
		040A9A1B1A5EFFCD00413237 /* optional.h */ = {isa = PBXFileReference; lastKnownFileType = sourcecode.c.h; path = optional.h; sourceTree = "<group>"; };
		041DB1FF189AA37200E4AFE9 /* SDLMain.h */ = {isa = PBXFileReference; lastKnownFileType = sourcecode.c.h; path = SDLMain.h; sourceTree = SOURCE_ROOT; };
		041DB200189AA37200E4AFE9 /* SDLMain.mm */ = {isa = PBXFileReference; lastKnownFileType = sourcecode.cpp.objcpp; path = SDLMain.mm; sourceTree = SOURCE_ROOT; };
		0435E55B1A6369C60059AC7E /* ui.h */ = {isa = PBXFileReference; lastKnownFileType = sourcecode.c.h; path = ui.h; sourceTree = "<group>"; };
		0435E55C1A636BC10059AC7E /* pause_view.cpp */ = {isa = PBXFileReference; fileEncoding = 4; lastKnownFileType = sourcecode.cpp.cpp; path = pause_view.cpp; sourceTree = "<group>"; };
		0435E55D1A636BC10059AC7E /* pause_view.h */ = {isa = PBXFileReference; fileEncoding = 4; lastKnownFileType = sourcecode.c.h; path = pause_view.h; sourceTree = "<group>"; };
		043E7E0418A206A70015B350 /* SDL_image.framework */ = {isa = PBXFileReference; lastKnownFileType = wrapper.framework; name = SDL_image.framework; path = /Library/Frameworks/SDL_image.framework; sourceTree = "<absolute>"; };
		043E7E0518A206A70015B350 /* SDL.framework */ = {isa = PBXFileReference; lastKnownFileType = wrapper.framework; name = SDL.framework; path = /Library/Frameworks/SDL.framework; sourceTree = "<absolute>"; };
		043E7E0818A208FE0015B350 /* libSDLmain.a */ = {isa = PBXFileReference; lastKnownFileType = archive.ar; name = libSDLmain.a; path = ../../../../../../../usr/local/Cellar/sdl/1.2.15/lib/libSDLmain.a; sourceTree = "<group>"; };
		045B2658189AC86D00DA8019 /* Cocoa-Info.plist */ = {isa = PBXFileReference; fileEncoding = 4; lastKnownFileType = text.plist.xml; path = "Cocoa-Info.plist"; sourceTree = SOURCE_ROOT; };
		045B265A189AC89000DA8019 /* Cocoa-Prefix.pch */ = {isa = PBXFileReference; lastKnownFileType = sourcecode.c.h; path = "Cocoa-Prefix.pch"; sourceTree = SOURCE_ROOT; };
		047E9A771A55CF140066C697 /* defines.h */ = {isa = PBXFileReference; fileEncoding = 4; lastKnownFileType = sourcecode.c.h; path = defines.h; sourceTree = "<group>"; };
		047E9A781A55CF140066C697 /* utils.cpp */ = {isa = PBXFileReference; fileEncoding = 4; lastKnownFileType = sourcecode.cpp.cpp; path = utils.cpp; sourceTree = "<group>"; };
		047E9A791A55CF140066C697 /* utils.h */ = {isa = PBXFileReference; fileEncoding = 4; lastKnownFileType = sourcecode.c.h; path = utils.h; sourceTree = "<group>"; };
		047E9A7B1A55CF140066C697 /* emu_interface.h */ = {isa = PBXFileReference; fileEncoding = 4; lastKnownFileType = sourcecode.c.h; path = emu_interface.h; sourceTree = "<group>"; };
		047E9A7C1A55CF140066C697 /* loader.cpp */ = {isa = PBXFileReference; fileEncoding = 4; lastKnownFileType = sourcecode.cpp.cpp; path = loader.cpp; sourceTree = "<group>"; };
		047E9A7D1A55CF140066C697 /* loader.h */ = {isa = PBXFileReference; fileEncoding = 4; lastKnownFileType = sourcecode.c.h; path = loader.h; sourceTree = "<group>"; };
		047E9A7E1A55CF140066C697 /* manager.cpp */ = {isa = PBXFileReference; fileEncoding = 4; lastKnownFileType = sourcecode.cpp.cpp; path = manager.cpp; sourceTree = "<group>"; };
		047E9A7F1A55CF140066C697 /* manager.h */ = {isa = PBXFileReference; fileEncoding = 4; lastKnownFileType = sourcecode.c.h; path = manager.h; sourceTree = "<group>"; };
		047E9A811A55CF140066C697 /* persistence.cpp */ = {isa = PBXFileReference; fileEncoding = 4; lastKnownFileType = sourcecode.cpp.cpp; path = persistence.cpp; sourceTree = "<group>"; };
		047E9A821A55CF140066C697 /* persistence.h */ = {isa = PBXFileReference; fileEncoding = 4; lastKnownFileType = sourcecode.c.h; path = persistence.h; sourceTree = "<group>"; };
		047E9A831A55CF140066C697 /* rom_collection.cpp */ = {isa = PBXFileReference; fileEncoding = 4; lastKnownFileType = sourcecode.cpp.cpp; path = rom_collection.cpp; sourceTree = "<group>"; };
		047E9A841A55CF140066C697 /* rom_collection.h */ = {isa = PBXFileReference; fileEncoding = 4; lastKnownFileType = sourcecode.c.h; path = rom_collection.h; sourceTree = "<group>"; };
		047E9A851A55CF140066C697 /* settings.cpp */ = {isa = PBXFileReference; fileEncoding = 4; lastKnownFileType = sourcecode.cpp.cpp; path = settings.cpp; sourceTree = "<group>"; };
		047E9A861A55CF140066C697 /* settings.h */ = {isa = PBXFileReference; fileEncoding = 4; lastKnownFileType = sourcecode.c.h; path = settings.h; sourceTree = "<group>"; };
		047E9A881A55CF140066C697 /* dummycore.cpp */ = {isa = PBXFileReference; fileEncoding = 4; lastKnownFileType = sourcecode.cpp.cpp; path = dummycore.cpp; sourceTree = "<group>"; };
		047E9A891A55CF140066C697 /* main.cpp */ = {isa = PBXFileReference; fileEncoding = 4; lastKnownFileType = sourcecode.cpp.cpp; path = main.cpp; sourceTree = "<group>"; };
		047E9A8B1A55CF140066C697 /* systems.h */ = {isa = PBXFileReference; fileEncoding = 4; lastKnownFileType = sourcecode.c.h; path = systems.h; sourceTree = "<group>"; };
		047E9A941A55CF140066C697 /* core_view.cpp */ = {isa = PBXFileReference; fileEncoding = 4; lastKnownFileType = sourcecode.cpp.cpp; path = core_view.cpp; sourceTree = "<group>"; };
		047E9A951A55CF140066C697 /* core_view.h */ = {isa = PBXFileReference; fileEncoding = 4; lastKnownFileType = sourcecode.c.h; path = core_view.h; sourceTree = "<group>"; };
		047E9A961A55CF140066C697 /* menu_view.cpp */ = {isa = PBXFileReference; fileEncoding = 4; lastKnownFileType = sourcecode.cpp.cpp; path = menu_view.cpp; sourceTree = "<group>"; };
		047E9A971A55CF140066C697 /* menu_view.h */ = {isa = PBXFileReference; fileEncoding = 4; lastKnownFileType = sourcecode.c.h; path = menu_view.h; sourceTree = "<group>"; };
		047E9A981A55CF140066C697 /* path_view.cpp */ = {isa = PBXFileReference; fileEncoding = 4; lastKnownFileType = sourcecode.cpp.cpp; path = path_view.cpp; sourceTree = "<group>"; };
		047E9A991A55CF140066C697 /* path_view.h */ = {isa = PBXFileReference; fileEncoding = 4; lastKnownFileType = sourcecode.c.h; path = path_view.h; sourceTree = "<group>"; };
		04914AB01A601E28001EAD6A /* gfx.cpp */ = {isa = PBXFileReference; fileEncoding = 4; lastKnownFileType = sourcecode.cpp.cpp; path = gfx.cpp; sourceTree = "<group>"; };
		04914AB11A601E28001EAD6A /* gfx.h */ = {isa = PBXFileReference; fileEncoding = 4; lastKnownFileType = sourcecode.c.h; path = gfx.h; sourceTree = "<group>"; };
		04914AB21A601E28001EAD6A /* menu.cpp */ = {isa = PBXFileReference; fileEncoding = 4; lastKnownFileType = sourcecode.cpp.cpp; path = menu.cpp; sourceTree = "<group>"; };
		04914AB31A601E28001EAD6A /* menu.h */ = {isa = PBXFileReference; fileEncoding = 4; lastKnownFileType = sourcecode.c.h; path = menu.h; sourceTree = "<group>"; };
		04914AB41A601E28001EAD6A /* view.cpp */ = {isa = PBXFileReference; fileEncoding = 4; lastKnownFileType = sourcecode.cpp.cpp; path = view.cpp; sourceTree = "<group>"; };
		04914AB51A601E28001EAD6A /* view.h */ = {isa = PBXFileReference; fileEncoding = 4; lastKnownFileType = sourcecode.c.h; path = view.h; sourceTree = "<group>"; };
		04914ABA1A6022E2001EAD6A /* sfx.h */ = {isa = PBXFileReference; fileEncoding = 4; lastKnownFileType = sourcecode.c.h; path = sfx.h; sourceTree = "<group>"; };
		04914ABB1A60254F001EAD6A /* sfx.cpp */ = {isa = PBXFileReference; fileEncoding = 4; lastKnownFileType = sourcecode.cpp.cpp; path = sfx.cpp; sourceTree = "<group>"; };
		04914ABE1A602896001EAD6A /* array.h */ = {isa = PBXFileReference; fileEncoding = 4; lastKnownFileType = sourcecode.c.h; path = array.h; sourceTree = "<group>"; };
		04914ABF1A602896001EAD6A /* audiosink.cpp */ = {isa = PBXFileReference; fileEncoding = 4; lastKnownFileType = sourcecode.cpp.cpp; path = audiosink.cpp; sourceTree = "<group>"; };
		04914AC01A602896001EAD6A /* audiosink.h */ = {isa = PBXFileReference; fileEncoding = 4; lastKnownFileType = sourcecode.c.h; path = audiosink.h; sourceTree = "<group>"; };
		04914AC11A602896001EAD6A /* rateest.h */ = {isa = PBXFileReference; fileEncoding = 4; lastKnownFileType = sourcecode.c.h; path = rateest.h; sourceTree = "<group>"; };
		04914AC21A602896001EAD6A /* ringbuffer.h */ = {isa = PBXFileReference; fileEncoding = 4; lastKnownFileType = sourcecode.c.h; path = ringbuffer.h; sourceTree = "<group>"; };
		04914AC41A602944001EAD6A /* rateest.cpp */ = {isa = PBXFileReference; fileEncoding = 4; lastKnownFileType = sourcecode.cpp.cpp; path = rateest.cpp; sourceTree = "<group>"; };
		04914B0A1A6041D9001EAD6A /* linint.h */ = {isa = PBXFileReference; lastKnownFileType = sourcecode.c.h; path = linint.h; sourceTree = "<group>"; };
		04914B0B1A6041F9001EAD6A /* resampler.h */ = {isa = PBXFileReference; lastKnownFileType = sourcecode.c.h; path = resampler.h; sourceTree = "<group>"; };
		04914B0C1A60420A001EAD6A /* u48div.cpp */ = {isa = PBXFileReference; fileEncoding = 4; lastKnownFileType = sourcecode.cpp.cpp; path = u48div.cpp; sourceTree = "<group>"; };
		04914B131A604A4C001EAD6A /* defined_ptr.h */ = {isa = PBXFileReference; fileEncoding = 4; lastKnownFileType = sourcecode.c.h; path = defined_ptr.h; sourceTree = "<group>"; };
		04914B341A604A4C001EAD6A /* scoped_ptr.h */ = {isa = PBXFileReference; fileEncoding = 4; lastKnownFileType = sourcecode.c.h; path = scoped_ptr.h; sourceTree = "<group>"; };
		04914B381A604A4C001EAD6A /* transfer_ptr.h */ = {isa = PBXFileReference; fileEncoding = 4; lastKnownFileType = sourcecode.c.h; path = transfer_ptr.h; sourceTree = "<group>"; };
		04914B391A604A4C001EAD6A /* uncopyable.h */ = {isa = PBXFileReference; fileEncoding = 4; lastKnownFileType = sourcecode.c.h; path = uncopyable.h; sourceTree = "<group>"; };
		04914B3A1A604A4C001EAD6A /* usec.h */ = {isa = PBXFileReference; fileEncoding = 4; lastKnownFileType = sourcecode.c.h; path = usec.h; sourceTree = "<group>"; };
		04914B3C1A604A4C001EAD6A /* rgb32conv.cpp */ = {isa = PBXFileReference; fileEncoding = 4; lastKnownFileType = sourcecode.cpp.cpp; path = rgb32conv.cpp; sourceTree = "<group>"; };
		04914B3D1A604A4C001EAD6A /* rgb32conv.h */ = {isa = PBXFileReference; fileEncoding = 4; lastKnownFileType = sourcecode.c.h; path = rgb32conv.h; sourceTree = "<group>"; };
		04914B3E1A604A4C001EAD6A /* vfilterinfo.cpp */ = {isa = PBXFileReference; fileEncoding = 4; lastKnownFileType = sourcecode.cpp.cpp; path = vfilterinfo.cpp; sourceTree = "<group>"; };
		04914B3F1A604A4C001EAD6A /* vfilterinfo.h */ = {isa = PBXFileReference; fileEncoding = 4; lastKnownFileType = sourcecode.c.h; path = vfilterinfo.h; sourceTree = "<group>"; };
		04914B411A604A4C001EAD6A /* catrom2x.cpp */ = {isa = PBXFileReference; fileEncoding = 4; lastKnownFileType = sourcecode.cpp.cpp; path = catrom2x.cpp; sourceTree = "<group>"; };
		04914B421A604A4C001EAD6A /* catrom2x.h */ = {isa = PBXFileReference; fileEncoding = 4; lastKnownFileType = sourcecode.c.h; path = catrom2x.h; sourceTree = "<group>"; };
		04914B431A604A4C001EAD6A /* catrom3x.cpp */ = {isa = PBXFileReference; fileEncoding = 4; lastKnownFileType = sourcecode.cpp.cpp; path = catrom3x.cpp; sourceTree = "<group>"; };
		04914B441A604A4C001EAD6A /* catrom3x.h */ = {isa = PBXFileReference; fileEncoding = 4; lastKnownFileType = sourcecode.c.h; path = catrom3x.h; sourceTree = "<group>"; };
		04914B451A604A4C001EAD6A /* kreed2xsai.cpp */ = {isa = PBXFileReference; fileEncoding = 4; lastKnownFileType = sourcecode.cpp.cpp; path = kreed2xsai.cpp; sourceTree = "<group>"; };
		04914B461A604A4C001EAD6A /* kreed2xsai.h */ = {isa = PBXFileReference; fileEncoding = 4; lastKnownFileType = sourcecode.c.h; path = kreed2xsai.h; sourceTree = "<group>"; };
		04914B471A604A4C001EAD6A /* maxsthq2x.cpp */ = {isa = PBXFileReference; fileEncoding = 4; lastKnownFileType = sourcecode.cpp.cpp; path = maxsthq2x.cpp; sourceTree = "<group>"; };
		04914B481A604A4C001EAD6A /* maxsthq2x.h */ = {isa = PBXFileReference; fileEncoding = 4; lastKnownFileType = sourcecode.c.h; path = maxsthq2x.h; sourceTree = "<group>"; };
		04914B491A604A4C001EAD6A /* maxsthq3x.cpp */ = {isa = PBXFileReference; fileEncoding = 4; lastKnownFileType = sourcecode.cpp.cpp; path = maxsthq3x.cpp; sourceTree = "<group>"; };
		04914B4A1A604A4C001EAD6A /* maxsthq3x.h */ = {isa = PBXFileReference; fileEncoding = 4; lastKnownFileType = sourcecode.c.h; path = maxsthq3x.h; sourceTree = "<group>"; };
		04914B4B1A604A4C001EAD6A /* videolink.h */ = {isa = PBXFileReference; fileEncoding = 4; lastKnownFileType = sourcecode.c.h; path = videolink.h; sourceTree = "<group>"; };
		0497E2C31A5795E800CAC445 /* systems.cpp */ = {isa = PBXFileReference; fileEncoding = 4; lastKnownFileType = sourcecode.cpp.cpp; path = systems.cpp; sourceTree = "<group>"; };
		04B60DB61A584AA000DCFDBD /* manager_interface.h */ = {isa = PBXFileReference; fileEncoding = 4; lastKnownFileType = sourcecode.c.h; path = manager_interface.h; sourceTree = "<group>"; };
		04B60DB71A58580C00DCFDBD /* loading_view.cpp */ = {isa = PBXFileReference; fileEncoding = 4; lastKnownFileType = sourcecode.cpp.cpp; path = loading_view.cpp; sourceTree = "<group>"; };
		04B60DB81A58580C00DCFDBD /* loading_view.h */ = {isa = PBXFileReference; fileEncoding = 4; lastKnownFileType = sourcecode.c.h; path = loading_view.h; sourceTree = "<group>"; };
		04B6382C189C9CC40028FA74 /* data */ = {isa = PBXFileReference; lastKnownFileType = folder; name = data; path = ../data; sourceTree = "<group>"; };
		04BE233A1A5B9E5100F61BD1 /* geekboy.dylib */ = {isa = PBXFileReference; explicitFileType = "compiled.mach-o.dylib"; includeInIndex = 0; path = geekboy.dylib; sourceTree = BUILT_PRODUCTS_DIR; };
		04BE23401A5B9E7600F61BD1 /* Basic_Gb_Apu.cpp */ = {isa = PBXFileReference; lastKnownFileType = sourcecode.cpp.cpp; path = Basic_Gb_Apu.cpp; sourceTree = "<group>"; };
		04BE23411A5B9E7600F61BD1 /* Basic_Gb_Apu.h */ = {isa = PBXFileReference; lastKnownFileType = sourcecode.c.h; path = Basic_Gb_Apu.h; sourceTree = "<group>"; };
		04BE23421A5B9E7600F61BD1 /* demo_sdl.cpp */ = {isa = PBXFileReference; lastKnownFileType = sourcecode.cpp.cpp; path = demo_sdl.cpp; sourceTree = "<group>"; };
		04BE23441A5B9E7600F61BD1 /* blargg_common.h */ = {isa = PBXFileReference; lastKnownFileType = sourcecode.c.h; path = blargg_common.h; sourceTree = "<group>"; };
		04BE23451A5B9E7600F61BD1 /* blargg_source.h */ = {isa = PBXFileReference; lastKnownFileType = sourcecode.c.h; path = blargg_source.h; sourceTree = "<group>"; };
		04BE23461A5B9E7600F61BD1 /* Blip_Buffer.cpp */ = {isa = PBXFileReference; lastKnownFileType = sourcecode.cpp.cpp; path = Blip_Buffer.cpp; sourceTree = "<group>"; };
		04BE23471A5B9E7600F61BD1 /* Blip_Buffer.h */ = {isa = PBXFileReference; lastKnownFileType = sourcecode.c.h; path = Blip_Buffer.h; sourceTree = "<group>"; };
		04BE23481A5B9E7600F61BD1 /* Blip_Synth.h */ = {isa = PBXFileReference; lastKnownFileType = sourcecode.c.h; path = Blip_Synth.h; sourceTree = "<group>"; };
		04BE23491A5B9E7600F61BD1 /* Gb_Apu.cpp */ = {isa = PBXFileReference; lastKnownFileType = sourcecode.cpp.cpp; path = Gb_Apu.cpp; sourceTree = "<group>"; };
		04BE234A1A5B9E7600F61BD1 /* Gb_Apu.h */ = {isa = PBXFileReference; lastKnownFileType = sourcecode.c.h; path = Gb_Apu.h; sourceTree = "<group>"; };
		04BE234B1A5B9E7600F61BD1 /* Gb_Oscs.cpp */ = {isa = PBXFileReference; lastKnownFileType = sourcecode.cpp.cpp; path = Gb_Oscs.cpp; sourceTree = "<group>"; };
		04BE234C1A5B9E7600F61BD1 /* Gb_Oscs.h */ = {isa = PBXFileReference; lastKnownFileType = sourcecode.c.h; path = Gb_Oscs.h; sourceTree = "<group>"; };
		04BE234D1A5B9E7600F61BD1 /* Multi_Buffer.cpp */ = {isa = PBXFileReference; lastKnownFileType = sourcecode.cpp.cpp; path = Multi_Buffer.cpp; sourceTree = "<group>"; };
		04BE234E1A5B9E7600F61BD1 /* Multi_Buffer.h */ = {isa = PBXFileReference; lastKnownFileType = sourcecode.c.h; path = Multi_Buffer.h; sourceTree = "<group>"; };
		04BE234F1A5B9E7600F61BD1 /* Sound_Queue.cpp */ = {isa = PBXFileReference; lastKnownFileType = sourcecode.cpp.cpp; path = Sound_Queue.cpp; sourceTree = "<group>"; };
		04BE23501A5B9E7600F61BD1 /* Sound_Queue.h */ = {isa = PBXFileReference; lastKnownFileType = sourcecode.c.h; path = Sound_Queue.h; sourceTree = "<group>"; };
		04BE23511A5B9E7600F61BD1 /* cartridge.cpp */ = {isa = PBXFileReference; lastKnownFileType = sourcecode.cpp.cpp; path = cartridge.cpp; sourceTree = "<group>"; };
		04BE23521A5B9E7600F61BD1 /* cartridge.h */ = {isa = PBXFileReference; lastKnownFileType = sourcecode.c.h; path = cartridge.h; sourceTree = "<group>"; };
		04BE23531A5B9E7600F61BD1 /* cpu.cpp */ = {isa = PBXFileReference; lastKnownFileType = sourcecode.cpp.cpp; path = cpu.cpp; sourceTree = "<group>"; };
		04BE23541A5B9E7600F61BD1 /* cpu.h */ = {isa = PBXFileReference; lastKnownFileType = sourcecode.c.h; path = cpu.h; sourceTree = "<group>"; };
		04BE23551A5B9E7600F61BD1 /* display.cpp */ = {isa = PBXFileReference; lastKnownFileType = sourcecode.cpp.cpp; path = display.cpp; sourceTree = "<group>"; };
		04BE23561A5B9E7600F61BD1 /* display.h */ = {isa = PBXFileReference; lastKnownFileType = sourcecode.c.h; path = display.h; sourceTree = "<group>"; };
		04BE23571A5B9E7600F61BD1 /* emulator.cpp */ = {isa = PBXFileReference; lastKnownFileType = sourcecode.cpp.cpp; path = emulator.cpp; sourceTree = "<group>"; };
		04BE23581A5B9E7600F61BD1 /* emulator.h */ = {isa = PBXFileReference; lastKnownFileType = sourcecode.c.h; path = emulator.h; sourceTree = "<group>"; };
		04BE23591A5B9E7600F61BD1 /* gbspec.h */ = {isa = PBXFileReference; lastKnownFileType = sourcecode.c.h; path = gbspec.h; sourceTree = "<group>"; };
		04BE235A1A5B9E7600F61BD1 /* gcw.cpp */ = {isa = PBXFileReference; lastKnownFileType = sourcecode.cpp.cpp; path = gcw.cpp; sourceTree = "<group>"; };
		04BE235C1A5B9E7600F61BD1 /* memory.cpp */ = {isa = PBXFileReference; lastKnownFileType = sourcecode.cpp.cpp; path = memory.cpp; sourceTree = "<group>"; };
		04BE235D1A5B9E7600F61BD1 /* memory.h */ = {isa = PBXFileReference; lastKnownFileType = sourcecode.c.h; path = memory.h; sourceTree = "<group>"; };
		04BE235E1A5B9E7600F61BD1 /* opcodes.cpp */ = {isa = PBXFileReference; lastKnownFileType = sourcecode.cpp.cpp; path = opcodes.cpp; sourceTree = "<group>"; };
		04BE235F1A5B9E7600F61BD1 /* opcodes.h */ = {isa = PBXFileReference; lastKnownFileType = sourcecode.c.h; path = opcodes.h; sourceTree = "<group>"; };
		04BE23641A5B9E7600F61BD1 /* sound.cpp */ = {isa = PBXFileReference; lastKnownFileType = sourcecode.cpp.cpp; path = sound.cpp; sourceTree = "<group>"; };
		04BE23651A5B9E7600F61BD1 /* sound.h */ = {isa = PBXFileReference; lastKnownFileType = sourcecode.c.h; path = sound.h; sourceTree = "<group>"; };
		04BE23661A5B9E7600F61BD1 /* utils.h */ = {isa = PBXFileReference; lastKnownFileType = sourcecode.c.h; path = utils.h; sourceTree = "<group>"; };
		04BE23781A5B9F0900F61BD1 /* OpenGL.framework */ = {isa = PBXFileReference; lastKnownFileType = wrapper.framework; name = OpenGL.framework; path = System/Library/Frameworks/OpenGL.framework; sourceTree = SDKROOT; };
		04CB04261897669C00169B41 /* GCW Prototype */ = {isa = PBXFileReference; explicitFileType = "compiled.mach-o.executable"; includeInIndex = 0; path = "GCW Prototype"; sourceTree = BUILT_PRODUCTS_DIR; };
		04CB04421897670300169B41 /* Cocoa.app */ = {isa = PBXFileReference; explicitFileType = wrapper.application; includeInIndex = 0; path = Cocoa.app; sourceTree = BUILT_PRODUCTS_DIR; };
		04CB04441897670300169B41 /* Cocoa.framework */ = {isa = PBXFileReference; lastKnownFileType = wrapper.framework; name = Cocoa.framework; path = System/Library/Frameworks/Cocoa.framework; sourceTree = SDKROOT; };
		04CB04471897670300169B41 /* AppKit.framework */ = {isa = PBXFileReference; lastKnownFileType = wrapper.framework; name = AppKit.framework; path = System/Library/Frameworks/AppKit.framework; sourceTree = SDKROOT; };
		04CB04481897670300169B41 /* CoreData.framework */ = {isa = PBXFileReference; lastKnownFileType = wrapper.framework; name = CoreData.framework; path = System/Library/Frameworks/CoreData.framework; sourceTree = SDKROOT; };
		04CB04491897670300169B41 /* Foundation.framework */ = {isa = PBXFileReference; lastKnownFileType = wrapper.framework; name = Foundation.framework; path = System/Library/Frameworks/Foundation.framework; sourceTree = SDKROOT; };
		04D794371A60D19D00D9A690 /* allocators.h */ = {isa = PBXFileReference; fileEncoding = 4; lastKnownFileType = sourcecode.c.h; path = allocators.h; sourceTree = "<group>"; };
		04D794381A60D19D00D9A690 /* document.h */ = {isa = PBXFileReference; fileEncoding = 4; lastKnownFileType = sourcecode.c.h; path = document.h; sourceTree = "<group>"; };
		04D794391A60D19D00D9A690 /* encodedstream.h */ = {isa = PBXFileReference; fileEncoding = 4; lastKnownFileType = sourcecode.c.h; path = encodedstream.h; sourceTree = "<group>"; };
		04D7943A1A60D19D00D9A690 /* encodings.h */ = {isa = PBXFileReference; fileEncoding = 4; lastKnownFileType = sourcecode.c.h; path = encodings.h; sourceTree = "<group>"; };
		04D7943E1A60D19D00D9A690 /* filereadstream.h */ = {isa = PBXFileReference; fileEncoding = 4; lastKnownFileType = sourcecode.c.h; path = filereadstream.h; sourceTree = "<group>"; };
		04D7943F1A60D19D00D9A690 /* filestream.h */ = {isa = PBXFileReference; fileEncoding = 4; lastKnownFileType = sourcecode.c.h; path = filestream.h; sourceTree = "<group>"; };
		04D794401A60D19D00D9A690 /* filewritestream.h */ = {isa = PBXFileReference; fileEncoding = 4; lastKnownFileType = sourcecode.c.h; path = filewritestream.h; sourceTree = "<group>"; };
		04D794421A60D19D00D9A690 /* biginteger.h */ = {isa = PBXFileReference; fileEncoding = 4; lastKnownFileType = sourcecode.c.h; path = biginteger.h; sourceTree = "<group>"; };
		04D794431A60D19D00D9A690 /* diyfp.h */ = {isa = PBXFileReference; fileEncoding = 4; lastKnownFileType = sourcecode.c.h; path = diyfp.h; sourceTree = "<group>"; };
		04D794441A60D19D00D9A690 /* dtoa.h */ = {isa = PBXFileReference; fileEncoding = 4; lastKnownFileType = sourcecode.c.h; path = dtoa.h; sourceTree = "<group>"; };
		04D794451A60D19D00D9A690 /* ieee754.h */ = {isa = PBXFileReference; fileEncoding = 4; lastKnownFileType = sourcecode.c.h; path = ieee754.h; sourceTree = "<group>"; };
		04D794461A60D19D00D9A690 /* itoa.h */ = {isa = PBXFileReference; fileEncoding = 4; lastKnownFileType = sourcecode.c.h; path = itoa.h; sourceTree = "<group>"; };
		04D794471A60D19D00D9A690 /* meta.h */ = {isa = PBXFileReference; fileEncoding = 4; lastKnownFileType = sourcecode.c.h; path = meta.h; sourceTree = "<group>"; };
		04D794481A60D19D00D9A690 /* pow10.h */ = {isa = PBXFileReference; fileEncoding = 4; lastKnownFileType = sourcecode.c.h; path = pow10.h; sourceTree = "<group>"; };
		04D794491A60D19D00D9A690 /* stack.h */ = {isa = PBXFileReference; fileEncoding = 4; lastKnownFileType = sourcecode.c.h; path = stack.h; sourceTree = "<group>"; };
		04D7944A1A60D19D00D9A690 /* strfunc.h */ = {isa = PBXFileReference; fileEncoding = 4; lastKnownFileType = sourcecode.c.h; path = strfunc.h; sourceTree = "<group>"; };
		04D7944B1A60D19D00D9A690 /* strtod.h */ = {isa = PBXFileReference; fileEncoding = 4; lastKnownFileType = sourcecode.c.h; path = strtod.h; sourceTree = "<group>"; };
		04D7944C1A60D19D00D9A690 /* memorybuffer.h */ = {isa = PBXFileReference; fileEncoding = 4; lastKnownFileType = sourcecode.c.h; path = memorybuffer.h; sourceTree = "<group>"; };
		04D7944D1A60D19D00D9A690 /* memorystream.h */ = {isa = PBXFileReference; fileEncoding = 4; lastKnownFileType = sourcecode.c.h; path = memorystream.h; sourceTree = "<group>"; };
		04D794511A60D19D00D9A690 /* prettywriter.h */ = {isa = PBXFileReference; fileEncoding = 4; lastKnownFileType = sourcecode.c.h; path = prettywriter.h; sourceTree = "<group>"; };
		04D794521A60D19D00D9A690 /* rapidjson.h */ = {isa = PBXFileReference; fileEncoding = 4; lastKnownFileType = sourcecode.c.h; path = rapidjson.h; sourceTree = "<group>"; };
		04D794531A60D19D00D9A690 /* reader.h */ = {isa = PBXFileReference; fileEncoding = 4; lastKnownFileType = sourcecode.c.h; path = reader.h; sourceTree = "<group>"; };
		04D794541A60D19D00D9A690 /* stringbuffer.h */ = {isa = PBXFileReference; fileEncoding = 4; lastKnownFileType = sourcecode.c.h; path = stringbuffer.h; sourceTree = "<group>"; };
		04D794551A60D19D00D9A690 /* writer.h */ = {isa = PBXFileReference; fileEncoding = 4; lastKnownFileType = sourcecode.c.h; path = writer.h; sourceTree = "<group>"; };
		04E17D961A618AFE00CACCAF /* serializer.h */ = {isa = PBXFileReference; lastKnownFileType = sourcecode.c.h; path = serializer.h; sourceTree = "<group>"; };
		04F010C01A5F5A0500F370D0 /* bitmap_font.cpp */ = {isa = PBXFileReference; lastKnownFileType = sourcecode.cpp.cpp; path = bitmap_font.cpp; sourceTree = "<group>"; };
		04F010C11A5F5A0500F370D0 /* bitmap_font.h */ = {isa = PBXFileReference; lastKnownFileType = sourcecode.c.h; path = bitmap_font.h; sourceTree = "<group>"; };
		04F010C31A5F5A0500F370D0 /* counterdef.h */ = {isa = PBXFileReference; lastKnownFileType = sourcecode.c.h; path = counterdef.h; sourceTree = "<group>"; };
		04F010C41A5F5A0500F370D0 /* cpu.cpp */ = {isa = PBXFileReference; lastKnownFileType = sourcecode.cpp.cpp; path = cpu.cpp; sourceTree = "<group>"; };
		04F010C51A5F5A0500F370D0 /* cpu.h */ = {isa = PBXFileReference; lastKnownFileType = sourcecode.c.h; path = cpu.h; sourceTree = "<group>"; };
		04F010C81A5F5A0500F370D0 /* file.cpp */ = {isa = PBXFileReference; lastKnownFileType = sourcecode.cpp.cpp; path = file.cpp; sourceTree = "<group>"; };
		04F010C91A5F5A0500F370D0 /* file.h */ = {isa = PBXFileReference; lastKnownFileType = sourcecode.c.h; path = file.h; sourceTree = "<group>"; };
		04F010CB1A5F5A0500F370D0 /* file_zip.cpp */ = {isa = PBXFileReference; lastKnownFileType = sourcecode.cpp.cpp; path = file_zip.cpp; sourceTree = "<group>"; };
		04F010CD1A5F5A0500F370D0 /* stdfile.h */ = {isa = PBXFileReference; lastKnownFileType = sourcecode.c.h; path = stdfile.h; sourceTree = "<group>"; };
		04F010CF1A5F5A0500F370D0 /* crypt.h */ = {isa = PBXFileReference; lastKnownFileType = sourcecode.c.h; path = crypt.h; sourceTree = "<group>"; };
		04F010D01A5F5A0500F370D0 /* ioapi.c */ = {isa = PBXFileReference; lastKnownFileType = sourcecode.c.c; path = ioapi.c; sourceTree = "<group>"; };
		04F010D11A5F5A0500F370D0 /* ioapi.h */ = {isa = PBXFileReference; lastKnownFileType = sourcecode.c.h; path = ioapi.h; sourceTree = "<group>"; };
		04F010D31A5F5A0500F370D0 /* unzip.c */ = {isa = PBXFileReference; lastKnownFileType = sourcecode.c.c; path = unzip.c; sourceTree = "<group>"; };
		04F010D41A5F5A0500F370D0 /* unzip.h */ = {isa = PBXFileReference; lastKnownFileType = sourcecode.c.h; path = unzip.h; sourceTree = "<group>"; };
		04F010D61A5F5A0500F370D0 /* gambatte.cpp */ = {isa = PBXFileReference; lastKnownFileType = sourcecode.cpp.cpp; path = gambatte.cpp; sourceTree = "<group>"; };
		04F010D81A5F5A0500F370D0 /* initstate.cpp */ = {isa = PBXFileReference; lastKnownFileType = sourcecode.cpp.cpp; path = initstate.cpp; sourceTree = "<group>"; };
		04F010D91A5F5A0500F370D0 /* initstate.h */ = {isa = PBXFileReference; lastKnownFileType = sourcecode.c.h; path = initstate.h; sourceTree = "<group>"; };
		04F010DB1A5F5A0500F370D0 /* insertion_sort.h */ = {isa = PBXFileReference; lastKnownFileType = sourcecode.c.h; path = insertion_sort.h; sourceTree = "<group>"; };
		04F010DC1A5F5A0500F370D0 /* interrupter.cpp */ = {isa = PBXFileReference; lastKnownFileType = sourcecode.cpp.cpp; path = interrupter.cpp; sourceTree = "<group>"; };
		04F010DD1A5F5A0500F370D0 /* interrupter.h */ = {isa = PBXFileReference; lastKnownFileType = sourcecode.c.h; path = interrupter.h; sourceTree = "<group>"; };
		04F010DF1A5F5A0500F370D0 /* interruptrequester.cpp */ = {isa = PBXFileReference; lastKnownFileType = sourcecode.cpp.cpp; path = interruptrequester.cpp; sourceTree = "<group>"; };
		04F010E01A5F5A0500F370D0 /* interruptrequester.h */ = {isa = PBXFileReference; lastKnownFileType = sourcecode.c.h; path = interruptrequester.h; sourceTree = "<group>"; };
		04F010E21A5F5A0500F370D0 /* loadres.cpp */ = {isa = PBXFileReference; lastKnownFileType = sourcecode.cpp.cpp; path = loadres.cpp; sourceTree = "<group>"; };
		04F010E51A5F5A0500F370D0 /* cartridge.cpp */ = {isa = PBXFileReference; lastKnownFileType = sourcecode.cpp.cpp; path = cartridge.cpp; sourceTree = "<group>"; };
		04F010E61A5F5A0500F370D0 /* cartridge.h */ = {isa = PBXFileReference; lastKnownFileType = sourcecode.c.h; path = cartridge.h; sourceTree = "<group>"; };
		04F010E81A5F5A0500F370D0 /* memptrs.cpp */ = {isa = PBXFileReference; lastKnownFileType = sourcecode.cpp.cpp; path = memptrs.cpp; sourceTree = "<group>"; };
		04F010E91A5F5A0500F370D0 /* memptrs.h */ = {isa = PBXFileReference; lastKnownFileType = sourcecode.c.h; path = memptrs.h; sourceTree = "<group>"; };
		04F010EB1A5F5A0500F370D0 /* pakinfo.cpp */ = {isa = PBXFileReference; lastKnownFileType = sourcecode.cpp.cpp; path = pakinfo.cpp; sourceTree = "<group>"; };
		04F010ED1A5F5A0500F370D0 /* pakinfo_internal.h */ = {isa = PBXFileReference; lastKnownFileType = sourcecode.c.h; path = pakinfo_internal.h; sourceTree = "<group>"; };
		04F010EE1A5F5A0500F370D0 /* rtc.cpp */ = {isa = PBXFileReference; lastKnownFileType = sourcecode.cpp.cpp; path = rtc.cpp; sourceTree = "<group>"; };
		04F010EF1A5F5A0500F370D0 /* rtc.h */ = {isa = PBXFileReference; lastKnownFileType = sourcecode.c.h; path = rtc.h; sourceTree = "<group>"; };
		04F010F11A5F5A0500F370D0 /* memory.cpp */ = {isa = PBXFileReference; lastKnownFileType = sourcecode.cpp.cpp; path = memory.cpp; sourceTree = "<group>"; };
		04F010F21A5F5A0500F370D0 /* memory.h */ = {isa = PBXFileReference; lastKnownFileType = sourcecode.c.h; path = memory.h; sourceTree = "<group>"; };
		04F010F41A5F5A0500F370D0 /* minkeeper.h */ = {isa = PBXFileReference; lastKnownFileType = sourcecode.c.h; path = minkeeper.h; sourceTree = "<group>"; };
		04F010F51A5F5A0500F370D0 /* osd_element.h */ = {isa = PBXFileReference; lastKnownFileType = sourcecode.c.h; path = osd_element.h; sourceTree = "<group>"; };
		04F010F61A5F5A0500F370D0 /* savestate.h */ = {isa = PBXFileReference; lastKnownFileType = sourcecode.c.h; path = savestate.h; sourceTree = "<group>"; };
		04F010F81A5F5A0500F370D0 /* channel1.cpp */ = {isa = PBXFileReference; lastKnownFileType = sourcecode.cpp.cpp; path = channel1.cpp; sourceTree = "<group>"; };
		04F010F91A5F5A0500F370D0 /* channel1.h */ = {isa = PBXFileReference; lastKnownFileType = sourcecode.c.h; path = channel1.h; sourceTree = "<group>"; };
		04F010FB1A5F5A0500F370D0 /* channel2.cpp */ = {isa = PBXFileReference; lastKnownFileType = sourcecode.cpp.cpp; path = channel2.cpp; sourceTree = "<group>"; };
		04F010FC1A5F5A0500F370D0 /* channel2.h */ = {isa = PBXFileReference; lastKnownFileType = sourcecode.c.h; path = channel2.h; sourceTree = "<group>"; };
		04F010FE1A5F5A0500F370D0 /* channel3.cpp */ = {isa = PBXFileReference; lastKnownFileType = sourcecode.cpp.cpp; path = channel3.cpp; sourceTree = "<group>"; };
		04F010FF1A5F5A0500F370D0 /* channel3.h */ = {isa = PBXFileReference; lastKnownFileType = sourcecode.c.h; path = channel3.h; sourceTree = "<group>"; };
		04F011011A5F5A0500F370D0 /* channel4.cpp */ = {isa = PBXFileReference; lastKnownFileType = sourcecode.cpp.cpp; path = channel4.cpp; sourceTree = "<group>"; };
		04F011021A5F5A0500F370D0 /* channel4.h */ = {isa = PBXFileReference; lastKnownFileType = sourcecode.c.h; path = channel4.h; sourceTree = "<group>"; };
		04F011041A5F5A0500F370D0 /* duty_unit.cpp */ = {isa = PBXFileReference; lastKnownFileType = sourcecode.cpp.cpp; path = duty_unit.cpp; sourceTree = "<group>"; };
		04F011051A5F5A0500F370D0 /* duty_unit.h */ = {isa = PBXFileReference; lastKnownFileType = sourcecode.c.h; path = duty_unit.h; sourceTree = "<group>"; };
		04F011071A5F5A0500F370D0 /* envelope_unit.cpp */ = {isa = PBXFileReference; lastKnownFileType = sourcecode.cpp.cpp; path = envelope_unit.cpp; sourceTree = "<group>"; };
		04F011081A5F5A0500F370D0 /* envelope_unit.h */ = {isa = PBXFileReference; lastKnownFileType = sourcecode.c.h; path = envelope_unit.h; sourceTree = "<group>"; };
		04F0110A1A5F5A0500F370D0 /* length_counter.cpp */ = {isa = PBXFileReference; lastKnownFileType = sourcecode.cpp.cpp; path = length_counter.cpp; sourceTree = "<group>"; };
		04F0110B1A5F5A0500F370D0 /* length_counter.h */ = {isa = PBXFileReference; lastKnownFileType = sourcecode.c.h; path = length_counter.h; sourceTree = "<group>"; };
		04F0110D1A5F5A0500F370D0 /* master_disabler.h */ = {isa = PBXFileReference; lastKnownFileType = sourcecode.c.h; path = master_disabler.h; sourceTree = "<group>"; };
		04F0110E1A5F5A0500F370D0 /* sound_unit.h */ = {isa = PBXFileReference; lastKnownFileType = sourcecode.c.h; path = sound_unit.h; sourceTree = "<group>"; };
		04F0110F1A5F5A0500F370D0 /* static_output_tester.h */ = {isa = PBXFileReference; lastKnownFileType = sourcecode.c.h; path = static_output_tester.h; sourceTree = "<group>"; };
		04F011101A5F5A0500F370D0 /* sound.cpp */ = {isa = PBXFileReference; lastKnownFileType = sourcecode.cpp.cpp; path = sound.cpp; sourceTree = "<group>"; };
		04F011111A5F5A0500F370D0 /* sound.h */ = {isa = PBXFileReference; lastKnownFileType = sourcecode.c.h; path = sound.h; sourceTree = "<group>"; };
		04F011131A5F5A0500F370D0 /* state_osd_elements.cpp */ = {isa = PBXFileReference; lastKnownFileType = sourcecode.cpp.cpp; path = state_osd_elements.cpp; sourceTree = "<group>"; };
		04F011141A5F5A0500F370D0 /* state_osd_elements.h */ = {isa = PBXFileReference; lastKnownFileType = sourcecode.c.h; path = state_osd_elements.h; sourceTree = "<group>"; };
		04F011161A5F5A0500F370D0 /* statesaver.cpp */ = {isa = PBXFileReference; lastKnownFileType = sourcecode.cpp.cpp; path = statesaver.cpp; sourceTree = "<group>"; };
		04F011171A5F5A0500F370D0 /* statesaver.h */ = {isa = PBXFileReference; lastKnownFileType = sourcecode.c.h; path = statesaver.h; sourceTree = "<group>"; };
		04F011191A5F5A0500F370D0 /* tima.cpp */ = {isa = PBXFileReference; lastKnownFileType = sourcecode.cpp.cpp; path = tima.cpp; sourceTree = "<group>"; };
		04F0111A1A5F5A0500F370D0 /* tima.h */ = {isa = PBXFileReference; lastKnownFileType = sourcecode.c.h; path = tima.h; sourceTree = "<group>"; };
		04F0111D1A5F5A0500F370D0 /* lcddef.h */ = {isa = PBXFileReference; lastKnownFileType = sourcecode.c.h; path = lcddef.h; sourceTree = "<group>"; };
		04F0111E1A5F5A0500F370D0 /* ly_counter.cpp */ = {isa = PBXFileReference; lastKnownFileType = sourcecode.cpp.cpp; path = ly_counter.cpp; sourceTree = "<group>"; };
		04F0111F1A5F5A0500F370D0 /* ly_counter.h */ = {isa = PBXFileReference; lastKnownFileType = sourcecode.c.h; path = ly_counter.h; sourceTree = "<group>"; };
		04F011211A5F5A0500F370D0 /* lyc_irq.cpp */ = {isa = PBXFileReference; lastKnownFileType = sourcecode.cpp.cpp; path = lyc_irq.cpp; sourceTree = "<group>"; };
		04F011221A5F5A0500F370D0 /* lyc_irq.h */ = {isa = PBXFileReference; lastKnownFileType = sourcecode.c.h; path = lyc_irq.h; sourceTree = "<group>"; };
		04F011241A5F5A0500F370D0 /* m0_irq.h */ = {isa = PBXFileReference; lastKnownFileType = sourcecode.c.h; path = m0_irq.h; sourceTree = "<group>"; };
		04F011251A5F5A0500F370D0 /* next_m0_time.cpp */ = {isa = PBXFileReference; lastKnownFileType = sourcecode.cpp.cpp; path = next_m0_time.cpp; sourceTree = "<group>"; };
		04F011261A5F5A0500F370D0 /* next_m0_time.h */ = {isa = PBXFileReference; lastKnownFileType = sourcecode.c.h; path = next_m0_time.h; sourceTree = "<group>"; };
		04F011281A5F5A0500F370D0 /* ppu.cpp */ = {isa = PBXFileReference; lastKnownFileType = sourcecode.cpp.cpp; path = ppu.cpp; sourceTree = "<group>"; };
		04F011291A5F5A0500F370D0 /* ppu.h */ = {isa = PBXFileReference; lastKnownFileType = sourcecode.c.h; path = ppu.h; sourceTree = "<group>"; };
		04F0112B1A5F5A0500F370D0 /* sprite_mapper.cpp */ = {isa = PBXFileReference; lastKnownFileType = sourcecode.cpp.cpp; path = sprite_mapper.cpp; sourceTree = "<group>"; };
		04F0112C1A5F5A0500F370D0 /* sprite_mapper.h */ = {isa = PBXFileReference; lastKnownFileType = sourcecode.c.h; path = sprite_mapper.h; sourceTree = "<group>"; };
		04F0112E1A5F5A0500F370D0 /* video.cpp */ = {isa = PBXFileReference; lastKnownFileType = sourcecode.cpp.cpp; path = video.cpp; sourceTree = "<group>"; };
		04F0112F1A5F5A0500F370D0 /* video.h */ = {isa = PBXFileReference; lastKnownFileType = sourcecode.c.h; path = video.h; sourceTree = "<group>"; };
		04F011811A5F5A2D00F370D0 /* gambatte.dylib */ = {isa = PBXFileReference; explicitFileType = "compiled.mach-o.dylib"; includeInIndex = 0; path = gambatte.dylib; sourceTree = BUILT_PRODUCTS_DIR; };
		04F011A71A5F5EC000F370D0 /* gambatte.h */ = {isa = PBXFileReference; lastKnownFileType = sourcecode.c.h; path = gambatte.h; sourceTree = "<group>"; };
		04F011A81A5F5EC000F370D0 /* gbint.h */ = {isa = PBXFileReference; lastKnownFileType = sourcecode.c.h; path = gbint.h; sourceTree = "<group>"; };
		04F011A91A5F5EC000F370D0 /* inputgetter.h */ = {isa = PBXFileReference; lastKnownFileType = sourcecode.c.h; path = inputgetter.h; sourceTree = "<group>"; };
		04F011AA1A5F5EC000F370D0 /* loadres.h */ = {isa = PBXFileReference; lastKnownFileType = sourcecode.c.h; path = loadres.h; sourceTree = "<group>"; };
		04F011AB1A5F5EC000F370D0 /* pakinfo.h */ = {isa = PBXFileReference; lastKnownFileType = sourcecode.c.h; path = pakinfo.h; sourceTree = "<group>"; };
		04F011AC1A5F601A00F370D0 /* libz.dylib */ = {isa = PBXFileReference; lastKnownFileType = "compiled.mach-o.dylib"; name = libz.dylib; path = usr/lib/libz.dylib; sourceTree = SDKROOT; };
		04F011B91A5F699900F370D0 /* gcw.cpp */ = {isa = PBXFileReference; fileEncoding = 4; lastKnownFileType = sourcecode.cpp.cpp; path = gcw.cpp; sourceTree = "<group>"; };
/* End PBXFileReference section */

/* Begin PBXFrameworksBuildPhase section */
		04BE23371A5B9E5100F61BD1 /* Frameworks */ = {
			isa = PBXFrameworksBuildPhase;
			buildActionMask = 2147483647;
			files = (
				04BE23761A5B9ED400F61BD1 /* SDL.framework in Frameworks */,
				04BE23771A5B9ED700F61BD1 /* SDL_image.framework in Frameworks */,
			);
			runOnlyForDeploymentPostprocessing = 0;
		};
		04CB04231897669C00169B41 /* Frameworks */ = {
			isa = PBXFrameworksBuildPhase;
			buildActionMask = 2147483647;
			files = (
				043E7E0918A208FE0015B350 /* libSDLmain.a in Frameworks */,
			);
			runOnlyForDeploymentPostprocessing = 0;
		};
		04CB043F1897670300169B41 /* Frameworks */ = {
			isa = PBXFrameworksBuildPhase;
			buildActionMask = 2147483647;
			files = (
				043E7E0618A206A70015B350 /* SDL_image.framework in Frameworks */,
				043E7E0718A206A70015B350 /* SDL.framework in Frameworks */,
				04CB04451897670300169B41 /* Cocoa.framework in Frameworks */,
				043E7E0A18A209040015B350 /* libSDLmain.a in Frameworks */,
			);
			runOnlyForDeploymentPostprocessing = 0;
		};
		04F0117E1A5F5A2D00F370D0 /* Frameworks */ = {
			isa = PBXFrameworksBuildPhase;
			buildActionMask = 2147483647;
			files = (
				04F011AD1A5F601A00F370D0 /* libz.dylib in Frameworks */,
				04914B011A60367F001EAD6A /* SDL.framework in Frameworks */,
			);
			runOnlyForDeploymentPostprocessing = 0;
		};
/* End PBXFrameworksBuildPhase section */

/* Begin PBXGroup section */
		041DB1FE189AA36000E4AFE9 /* Supporting Files */ = {
			isa = PBXGroup;
			children = (
				045B265A189AC89000DA8019 /* Cocoa-Prefix.pch */,
				045B2658189AC86D00DA8019 /* Cocoa-Info.plist */,
				041DB1FF189AA37200E4AFE9 /* SDLMain.h */,
				041DB200189AA37200E4AFE9 /* SDLMain.mm */,
			);
			name = "Supporting Files";
			path = "GCW Prototype";
			sourceTree = "<group>";
		};
		047E9A751A55CF140066C697 /* src */ = {
			isa = PBXGroup;
			children = (
				047E9A761A55CF140066C697 /* common */,
				047E9A7A1A55CF140066C697 /* core */,
				047E9A801A55CF140066C697 /* data */,
				047E9A871A55CF140066C697 /* debug */,
				047E9A8A1A55CF140066C697 /* systems */,
				04914AAF1A601E28001EAD6A /* gfx */,
				04914AB91A6022E2001EAD6A /* sfx */,
				047E9A931A55CF140066C697 /* views */,
				047E9A891A55CF140066C697 /* main.cpp */,
			);
			name = src;
			path = ../src;
			sourceTree = "<group>";
		};
		047E9A761A55CF140066C697 /* common */ = {
			isa = PBXGroup;
			children = (
				047E9A771A55CF140066C697 /* defines.h */,
				047E9A781A55CF140066C697 /* utils.cpp */,
				047E9A791A55CF140066C697 /* utils.h */,
				040A9A1B1A5EFFCD00413237 /* optional.h */,
			);
			path = common;
			sourceTree = "<group>";
		};
		047E9A7A1A55CF140066C697 /* core */ = {
			isa = PBXGroup;
			children = (
				04B60DB61A584AA000DCFDBD /* manager_interface.h */,
				047E9A7B1A55CF140066C697 /* emu_interface.h */,
				047E9A7C1A55CF140066C697 /* loader.cpp */,
				047E9A7D1A55CF140066C697 /* loader.h */,
				047E9A7E1A55CF140066C697 /* manager.cpp */,
				047E9A7F1A55CF140066C697 /* manager.h */,
			);
			path = core;
			sourceTree = "<group>";
		};
		047E9A801A55CF140066C697 /* data */ = {
			isa = PBXGroup;
			children = (
				04D794361A60D19D00D9A690 /* json */,
				047E9A811A55CF140066C697 /* persistence.cpp */,
				047E9A821A55CF140066C697 /* persistence.h */,
				04E17D961A618AFE00CACCAF /* serializer.h */,
				047E9A831A55CF140066C697 /* rom_collection.cpp */,
				047E9A841A55CF140066C697 /* rom_collection.h */,
				047E9A851A55CF140066C697 /* settings.cpp */,
				047E9A861A55CF140066C697 /* settings.h */,
			);
			path = data;
			sourceTree = "<group>";
		};
		047E9A871A55CF140066C697 /* debug */ = {
			isa = PBXGroup;
			children = (
				047E9A881A55CF140066C697 /* dummycore.cpp */,
			);
			path = debug;
			sourceTree = "<group>";
		};
		047E9A8A1A55CF140066C697 /* systems */ = {
			isa = PBXGroup;
			children = (
				0497E2C31A5795E800CAC445 /* systems.cpp */,
				047E9A8B1A55CF140066C697 /* systems.h */,
			);
			path = systems;
			sourceTree = "<group>";
		};
		047E9A931A55CF140066C697 /* views */ = {
			isa = PBXGroup;
			children = (
				047E9A941A55CF140066C697 /* core_view.cpp */,
				047E9A951A55CF140066C697 /* core_view.h */,
				047E9A961A55CF140066C697 /* menu_view.cpp */,
				047E9A971A55CF140066C697 /* menu_view.h */,
				047E9A981A55CF140066C697 /* path_view.cpp */,
				047E9A991A55CF140066C697 /* path_view.h */,
				04B60DB71A58580C00DCFDBD /* loading_view.cpp */,
				04B60DB81A58580C00DCFDBD /* loading_view.h */,
				0435E55C1A636BC10059AC7E /* pause_view.cpp */,
				0435E55D1A636BC10059AC7E /* pause_view.h */,
			);
			path = views;
			sourceTree = "<group>";
		};
		04914AAF1A601E28001EAD6A /* gfx */ = {
			isa = PBXGroup;
			children = (
				0435E55B1A6369C60059AC7E /* ui.h */,
				04914AB01A601E28001EAD6A /* gfx.cpp */,
				04914AB11A601E28001EAD6A /* gfx.h */,
				04914AB21A601E28001EAD6A /* menu.cpp */,
				04914AB31A601E28001EAD6A /* menu.h */,
				04914AB41A601E28001EAD6A /* view.cpp */,
				04914AB51A601E28001EAD6A /* view.h */,
			);
			path = gfx;
			sourceTree = "<group>";
		};
		04914AB91A6022E2001EAD6A /* sfx */ = {
			isa = PBXGroup;
			children = (
				04914B0C1A60420A001EAD6A /* u48div.cpp */,
				04914B0B1A6041F9001EAD6A /* resampler.h */,
				04914B0A1A6041D9001EAD6A /* linint.h */,
				04914ABE1A602896001EAD6A /* array.h */,
				04914ABF1A602896001EAD6A /* audiosink.cpp */,
				04914AC01A602896001EAD6A /* audiosink.h */,
				04914AC41A602944001EAD6A /* rateest.cpp */,
				04914AC11A602896001EAD6A /* rateest.h */,
				04914AC21A602896001EAD6A /* ringbuffer.h */,
				04914ABB1A60254F001EAD6A /* sfx.cpp */,
				04914ABA1A6022E2001EAD6A /* sfx.h */,
			);
			path = sfx;
			sourceTree = "<group>";
		};
		04914B0E1A604A4C001EAD6A /* common */ = {
			isa = PBXGroup;
			children = (
				04914B131A604A4C001EAD6A /* defined_ptr.h */,
				04914B341A604A4C001EAD6A /* scoped_ptr.h */,
				04914B381A604A4C001EAD6A /* transfer_ptr.h */,
				04914B391A604A4C001EAD6A /* uncopyable.h */,
				04914B3A1A604A4C001EAD6A /* usec.h */,
				04914B3B1A604A4C001EAD6A /* videolink */,
			);
			name = common;
			path = ../../common;
			sourceTree = "<group>";
		};
		04914B3B1A604A4C001EAD6A /* videolink */ = {
			isa = PBXGroup;
			children = (
				04914B3C1A604A4C001EAD6A /* rgb32conv.cpp */,
				04914B3D1A604A4C001EAD6A /* rgb32conv.h */,
				04914B3E1A604A4C001EAD6A /* vfilterinfo.cpp */,
				04914B3F1A604A4C001EAD6A /* vfilterinfo.h */,
				04914B401A604A4C001EAD6A /* vfilters */,
				04914B4B1A604A4C001EAD6A /* videolink.h */,
			);
			path = videolink;
			sourceTree = "<group>";
		};
		04914B401A604A4C001EAD6A /* vfilters */ = {
			isa = PBXGroup;
			children = (
				04914B411A604A4C001EAD6A /* catrom2x.cpp */,
				04914B421A604A4C001EAD6A /* catrom2x.h */,
				04914B431A604A4C001EAD6A /* catrom3x.cpp */,
				04914B441A604A4C001EAD6A /* catrom3x.h */,
				04914B451A604A4C001EAD6A /* kreed2xsai.cpp */,
				04914B461A604A4C001EAD6A /* kreed2xsai.h */,
				04914B471A604A4C001EAD6A /* maxsthq2x.cpp */,
				04914B481A604A4C001EAD6A /* maxsthq2x.h */,
				04914B491A604A4C001EAD6A /* maxsthq3x.cpp */,
				04914B4A1A604A4C001EAD6A /* maxsthq3x.h */,
			);
			path = vfilters;
			sourceTree = "<group>";
		};
		04BE233E1A5B9E7600F61BD1 /* geekboy */ = {
			isa = PBXGroup;
			children = (
				04BE233F1A5B9E7600F61BD1 /* blarrg */,
				04BE23511A5B9E7600F61BD1 /* cartridge.cpp */,
				04BE23521A5B9E7600F61BD1 /* cartridge.h */,
				04BE23531A5B9E7600F61BD1 /* cpu.cpp */,
				04BE23541A5B9E7600F61BD1 /* cpu.h */,
				04BE23551A5B9E7600F61BD1 /* display.cpp */,
				04BE23561A5B9E7600F61BD1 /* display.h */,
				04BE23571A5B9E7600F61BD1 /* emulator.cpp */,
				04BE23581A5B9E7600F61BD1 /* emulator.h */,
				04BE23591A5B9E7600F61BD1 /* gbspec.h */,
				04BE235A1A5B9E7600F61BD1 /* gcw.cpp */,
				04BE235C1A5B9E7600F61BD1 /* memory.cpp */,
				04BE235D1A5B9E7600F61BD1 /* memory.h */,
				04BE235E1A5B9E7600F61BD1 /* opcodes.cpp */,
				04BE235F1A5B9E7600F61BD1 /* opcodes.h */,
				04BE23641A5B9E7600F61BD1 /* sound.cpp */,
				04BE23651A5B9E7600F61BD1 /* sound.h */,
				04BE23661A5B9E7600F61BD1 /* utils.h */,
			);
			name = geekboy;
			path = ../geekboy/src;
			sourceTree = "<group>";
		};
		04BE233F1A5B9E7600F61BD1 /* blarrg */ = {
			isa = PBXGroup;
			children = (
				04BE23401A5B9E7600F61BD1 /* Basic_Gb_Apu.cpp */,
				04BE23411A5B9E7600F61BD1 /* Basic_Gb_Apu.h */,
				04BE23421A5B9E7600F61BD1 /* demo_sdl.cpp */,
				04BE23431A5B9E7600F61BD1 /* gb_apu */,
				04BE234F1A5B9E7600F61BD1 /* Sound_Queue.cpp */,
				04BE23501A5B9E7600F61BD1 /* Sound_Queue.h */,
			);
			path = blarrg;
			sourceTree = "<group>";
		};
		04BE23431A5B9E7600F61BD1 /* gb_apu */ = {
			isa = PBXGroup;
			children = (
				04BE23441A5B9E7600F61BD1 /* blargg_common.h */,
				04BE23451A5B9E7600F61BD1 /* blargg_source.h */,
				04BE23461A5B9E7600F61BD1 /* Blip_Buffer.cpp */,
				04BE23471A5B9E7600F61BD1 /* Blip_Buffer.h */,
				04BE23481A5B9E7600F61BD1 /* Blip_Synth.h */,
				04BE23491A5B9E7600F61BD1 /* Gb_Apu.cpp */,
				04BE234A1A5B9E7600F61BD1 /* Gb_Apu.h */,
				04BE234B1A5B9E7600F61BD1 /* Gb_Oscs.cpp */,
				04BE234C1A5B9E7600F61BD1 /* Gb_Oscs.h */,
				04BE234D1A5B9E7600F61BD1 /* Multi_Buffer.cpp */,
				04BE234E1A5B9E7600F61BD1 /* Multi_Buffer.h */,
			);
			path = gb_apu;
			sourceTree = "<group>";
		};
		04CB041D1897669C00169B41 = {
			isa = PBXGroup;
			children = (
				043E7E0818A208FE0015B350 /* libSDLmain.a */,
				04B6382C189C9CC40028FA74 /* data */,
				04F010BE1A5F59EE00F370D0 /* gambatte */,
				04BE233E1A5B9E7600F61BD1 /* geekboy */,
				047E9A751A55CF140066C697 /* src */,
				041DB1FE189AA36000E4AFE9 /* Supporting Files */,
				04CB04431897670300169B41 /* Frameworks */,
				04CB04271897669C00169B41 /* Products */,
			);
			sourceTree = "<group>";
		};
		04CB04271897669C00169B41 /* Products */ = {
			isa = PBXGroup;
			children = (
				04CB04261897669C00169B41 /* GCW Prototype */,
				04CB04421897670300169B41 /* Cocoa.app */,
				04BE233A1A5B9E5100F61BD1 /* geekboy.dylib */,
				04F011811A5F5A2D00F370D0 /* gambatte.dylib */,
			);
			name = Products;
			sourceTree = "<group>";
		};
		04CB04431897670300169B41 /* Frameworks */ = {
			isa = PBXGroup;
			children = (
				04F011AC1A5F601A00F370D0 /* libz.dylib */,
				04BE23781A5B9F0900F61BD1 /* OpenGL.framework */,
				043E7E0418A206A70015B350 /* SDL_image.framework */,
				043E7E0518A206A70015B350 /* SDL.framework */,
				04CB04441897670300169B41 /* Cocoa.framework */,
				04CB04461897670300169B41 /* Other Frameworks */,
			);
			name = Frameworks;
			sourceTree = "<group>";
		};
		04CB04461897670300169B41 /* Other Frameworks */ = {
			isa = PBXGroup;
			children = (
				04CB04471897670300169B41 /* AppKit.framework */,
				04CB04481897670300169B41 /* CoreData.framework */,
				04CB04491897670300169B41 /* Foundation.framework */,
			);
			name = "Other Frameworks";
			sourceTree = "<group>";
		};
		04D794361A60D19D00D9A690 /* json */ = {
			isa = PBXGroup;
			children = (
				04D794371A60D19D00D9A690 /* allocators.h */,
				04D794381A60D19D00D9A690 /* document.h */,
				04D794391A60D19D00D9A690 /* encodedstream.h */,
				04D7943A1A60D19D00D9A690 /* encodings.h */,
				04D7943E1A60D19D00D9A690 /* filereadstream.h */,
				04D7943F1A60D19D00D9A690 /* filestream.h */,
				04D794401A60D19D00D9A690 /* filewritestream.h */,
				04D794411A60D19D00D9A690 /* internal */,
				04D7944C1A60D19D00D9A690 /* memorybuffer.h */,
				04D7944D1A60D19D00D9A690 /* memorystream.h */,
				04D794511A60D19D00D9A690 /* prettywriter.h */,
				04D794521A60D19D00D9A690 /* rapidjson.h */,
				04D794531A60D19D00D9A690 /* reader.h */,
				04D794541A60D19D00D9A690 /* stringbuffer.h */,
				04D794551A60D19D00D9A690 /* writer.h */,
			);
			path = json;
			sourceTree = "<group>";
		};
		04D794411A60D19D00D9A690 /* internal */ = {
			isa = PBXGroup;
			children = (
				04D794421A60D19D00D9A690 /* biginteger.h */,
				04D794431A60D19D00D9A690 /* diyfp.h */,
				04D794441A60D19D00D9A690 /* dtoa.h */,
				04D794451A60D19D00D9A690 /* ieee754.h */,
				04D794461A60D19D00D9A690 /* itoa.h */,
				04D794471A60D19D00D9A690 /* meta.h */,
				04D794481A60D19D00D9A690 /* pow10.h */,
				04D794491A60D19D00D9A690 /* stack.h */,
				04D7944A1A60D19D00D9A690 /* strfunc.h */,
				04D7944B1A60D19D00D9A690 /* strtod.h */,
			);
			path = internal;
			sourceTree = "<group>";
		};
		04F010BE1A5F59EE00F370D0 /* gambatte */ = {
			isa = PBXGroup;
			children = (
				04F010BF1A5F5A0500F370D0 /* src */,
			);
			name = gambatte;
			path = ../geekboy/src;
			sourceTree = "<group>";
		};
		04F010BF1A5F5A0500F370D0 /* src */ = {
			isa = PBXGroup;
			children = (
				04914B0E1A604A4C001EAD6A /* common */,
				04F011A61A5F5EC000F370D0 /* include */,
				04F010C01A5F5A0500F370D0 /* bitmap_font.cpp */,
				04F010C11A5F5A0500F370D0 /* bitmap_font.h */,
				04F010C31A5F5A0500F370D0 /* counterdef.h */,
				04F010C41A5F5A0500F370D0 /* cpu.cpp */,
				04F010C51A5F5A0500F370D0 /* cpu.h */,
				04F010C71A5F5A0500F370D0 /* file */,
				04F010D61A5F5A0500F370D0 /* gambatte.cpp */,
				04F010D81A5F5A0500F370D0 /* initstate.cpp */,
				04F010D91A5F5A0500F370D0 /* initstate.h */,
				04F010DB1A5F5A0500F370D0 /* insertion_sort.h */,
				04F010DC1A5F5A0500F370D0 /* interrupter.cpp */,
				04F010DD1A5F5A0500F370D0 /* interrupter.h */,
				04F010DF1A5F5A0500F370D0 /* interruptrequester.cpp */,
				04F010E01A5F5A0500F370D0 /* interruptrequester.h */,
				04F010E21A5F5A0500F370D0 /* loadres.cpp */,
				04F010E41A5F5A0500F370D0 /* mem */,
				04F010F11A5F5A0500F370D0 /* memory.cpp */,
				04F010F21A5F5A0500F370D0 /* memory.h */,
				04F010F41A5F5A0500F370D0 /* minkeeper.h */,
				04F010F51A5F5A0500F370D0 /* osd_element.h */,
				04F010F61A5F5A0500F370D0 /* savestate.h */,
				04F010F71A5F5A0500F370D0 /* sound */,
				04F011101A5F5A0500F370D0 /* sound.cpp */,
				04F011111A5F5A0500F370D0 /* sound.h */,
				04F011131A5F5A0500F370D0 /* state_osd_elements.cpp */,
				04F011141A5F5A0500F370D0 /* state_osd_elements.h */,
				04F011161A5F5A0500F370D0 /* statesaver.cpp */,
				04F011171A5F5A0500F370D0 /* statesaver.h */,
				04F011191A5F5A0500F370D0 /* tima.cpp */,
				04F0111A1A5F5A0500F370D0 /* tima.h */,
				04F0111C1A5F5A0500F370D0 /* video */,
				04F0112E1A5F5A0500F370D0 /* video.cpp */,
				04F0112F1A5F5A0500F370D0 /* video.h */,
				04F011B91A5F699900F370D0 /* gcw.cpp */,
			);
			name = src;
			path = ../../gambatte/libgambatte/src;
			sourceTree = "<group>";
		};
		04F010C71A5F5A0500F370D0 /* file */ = {
			isa = PBXGroup;
			children = (
				04F010C81A5F5A0500F370D0 /* file.cpp */,
				04F010C91A5F5A0500F370D0 /* file.h */,
				04F010CB1A5F5A0500F370D0 /* file_zip.cpp */,
				04F010CD1A5F5A0500F370D0 /* stdfile.h */,
				04F010CE1A5F5A0500F370D0 /* unzip */,
			);
			path = file;
			sourceTree = "<group>";
		};
		04F010CE1A5F5A0500F370D0 /* unzip */ = {
			isa = PBXGroup;
			children = (
				04F010CF1A5F5A0500F370D0 /* crypt.h */,
				04F010D01A5F5A0500F370D0 /* ioapi.c */,
				04F010D11A5F5A0500F370D0 /* ioapi.h */,
				04F010D31A5F5A0500F370D0 /* unzip.c */,
				04F010D41A5F5A0500F370D0 /* unzip.h */,
			);
			path = unzip;
			sourceTree = "<group>";
		};
		04F010E41A5F5A0500F370D0 /* mem */ = {
			isa = PBXGroup;
			children = (
				04F010E51A5F5A0500F370D0 /* cartridge.cpp */,
				04F010E61A5F5A0500F370D0 /* cartridge.h */,
				04F010E81A5F5A0500F370D0 /* memptrs.cpp */,
				04F010E91A5F5A0500F370D0 /* memptrs.h */,
				04F010EB1A5F5A0500F370D0 /* pakinfo.cpp */,
				04F010ED1A5F5A0500F370D0 /* pakinfo_internal.h */,
				04F010EE1A5F5A0500F370D0 /* rtc.cpp */,
				04F010EF1A5F5A0500F370D0 /* rtc.h */,
			);
			path = mem;
			sourceTree = "<group>";
		};
		04F010F71A5F5A0500F370D0 /* sound */ = {
			isa = PBXGroup;
			children = (
				04F010F81A5F5A0500F370D0 /* channel1.cpp */,
				04F010F91A5F5A0500F370D0 /* channel1.h */,
				04F010FB1A5F5A0500F370D0 /* channel2.cpp */,
				04F010FC1A5F5A0500F370D0 /* channel2.h */,
				04F010FE1A5F5A0500F370D0 /* channel3.cpp */,
				04F010FF1A5F5A0500F370D0 /* channel3.h */,
				04F011011A5F5A0500F370D0 /* channel4.cpp */,
				04F011021A5F5A0500F370D0 /* channel4.h */,
				04F011041A5F5A0500F370D0 /* duty_unit.cpp */,
				04F011051A5F5A0500F370D0 /* duty_unit.h */,
				04F011071A5F5A0500F370D0 /* envelope_unit.cpp */,
				04F011081A5F5A0500F370D0 /* envelope_unit.h */,
				04F0110A1A5F5A0500F370D0 /* length_counter.cpp */,
				04F0110B1A5F5A0500F370D0 /* length_counter.h */,
				04F0110D1A5F5A0500F370D0 /* master_disabler.h */,
				04F0110E1A5F5A0500F370D0 /* sound_unit.h */,
				04F0110F1A5F5A0500F370D0 /* static_output_tester.h */,
			);
			path = sound;
			sourceTree = "<group>";
		};
		04F0111C1A5F5A0500F370D0 /* video */ = {
			isa = PBXGroup;
			children = (
				04F0111D1A5F5A0500F370D0 /* lcddef.h */,
				04F0111E1A5F5A0500F370D0 /* ly_counter.cpp */,
				04F0111F1A5F5A0500F370D0 /* ly_counter.h */,
				04F011211A5F5A0500F370D0 /* lyc_irq.cpp */,
				04F011221A5F5A0500F370D0 /* lyc_irq.h */,
				04F011241A5F5A0500F370D0 /* m0_irq.h */,
				04F011251A5F5A0500F370D0 /* next_m0_time.cpp */,
				04F011261A5F5A0500F370D0 /* next_m0_time.h */,
				04F011281A5F5A0500F370D0 /* ppu.cpp */,
				04F011291A5F5A0500F370D0 /* ppu.h */,
				04F0112B1A5F5A0500F370D0 /* sprite_mapper.cpp */,
				04F0112C1A5F5A0500F370D0 /* sprite_mapper.h */,
			);
			path = video;
			sourceTree = "<group>";
		};
		04F011A61A5F5EC000F370D0 /* include */ = {
			isa = PBXGroup;
			children = (
				04F011A71A5F5EC000F370D0 /* gambatte.h */,
				04F011A81A5F5EC000F370D0 /* gbint.h */,
				04F011A91A5F5EC000F370D0 /* inputgetter.h */,
				04F011AA1A5F5EC000F370D0 /* loadres.h */,
				04F011AB1A5F5EC000F370D0 /* pakinfo.h */,
			);
			name = include;
			path = ../include;
			sourceTree = "<group>";
		};
/* End PBXGroup section */

/* Begin PBXHeadersBuildPhase section */
		04BE23381A5B9E5100F61BD1 /* Headers */ = {
			isa = PBXHeadersBuildPhase;
			buildActionMask = 2147483647;
			files = (
			);
			runOnlyForDeploymentPostprocessing = 0;
		};
		04F0117F1A5F5A2D00F370D0 /* Headers */ = {
			isa = PBXHeadersBuildPhase;
			buildActionMask = 2147483647;
			files = (
				04914B6F1A604A4C001EAD6A /* scoped_ptr.h in Headers */,
				04914B831A604A4C001EAD6A /* maxsthq3x.h in Headers */,
				04914B811A604A4C001EAD6A /* maxsthq2x.h in Headers */,
				04914B7D1A604A4C001EAD6A /* catrom3x.h in Headers */,
				04914B751A604A4C001EAD6A /* usec.h in Headers */,
				04914B7F1A604A4C001EAD6A /* kreed2xsai.h in Headers */,
				04914B731A604A4C001EAD6A /* transfer_ptr.h in Headers */,
				04914B501A604A4C001EAD6A /* defined_ptr.h in Headers */,
				04914B771A604A4C001EAD6A /* rgb32conv.h in Headers */,
				04914B7B1A604A4C001EAD6A /* catrom2x.h in Headers */,
				04914B791A604A4C001EAD6A /* vfilterinfo.h in Headers */,
				04914B741A604A4C001EAD6A /* uncopyable.h in Headers */,
				04914B841A604A4C001EAD6A /* videolink.h in Headers */,
			);
			runOnlyForDeploymentPostprocessing = 0;
		};
/* End PBXHeadersBuildPhase section */

/* Begin PBXNativeTarget section */
		04BE23391A5B9E5100F61BD1 /* geekboy */ = {
			isa = PBXNativeTarget;
			buildConfigurationList = 04BE233D1A5B9E5100F61BD1 /* Build configuration list for PBXNativeTarget "geekboy" */;
			buildPhases = (
				04BE23361A5B9E5100F61BD1 /* Sources */,
				04BE23371A5B9E5100F61BD1 /* Frameworks */,
				04BE23381A5B9E5100F61BD1 /* Headers */,
				04BE237A1A5B9F2800F61BD1 /* CopyFiles */,
			);
			buildRules = (
			);
			dependencies = (
			);
			name = geekboy;
			productName = geekboy;
			productReference = 04BE233A1A5B9E5100F61BD1 /* geekboy.dylib */;
			productType = "com.apple.product-type.library.dynamic";
		};
		04CB04251897669C00169B41 /* GCW Prototype */ = {
			isa = PBXNativeTarget;
			buildConfigurationList = 04CB042F1897669C00169B41 /* Build configuration list for PBXNativeTarget "GCW Prototype" */;
			buildPhases = (
				04CB04221897669C00169B41 /* Sources */,
				04CB04231897669C00169B41 /* Frameworks */,
				04CB04241897669C00169B41 /* CopyFiles */,
			);
			buildRules = (
			);
			dependencies = (
			);
			name = "GCW Prototype";
			productName = "GCW Prototype";
			productReference = 04CB04261897669C00169B41 /* GCW Prototype */;
			productType = "com.apple.product-type.tool";
		};
		04CB04411897670300169B41 /* Cocoa */ = {
			isa = PBXNativeTarget;
			buildConfigurationList = 04CB045C1897670300169B41 /* Build configuration list for PBXNativeTarget "Cocoa" */;
			buildPhases = (
				04CB043E1897670300169B41 /* Sources */,
				04CB043F1897670300169B41 /* Frameworks */,
				04CB04401897670300169B41 /* Resources */,
				04B6382E189C9DEF0028FA74 /* CopyFiles */,
			);
			buildRules = (
			);
			dependencies = (
				0486FA3F1A5CF06500453A29 /* PBXTargetDependency */,
				04F011BC1A5F789700F370D0 /* PBXTargetDependency */,
			);
			name = Cocoa;
			productName = Cocoa;
			productReference = 04CB04421897670300169B41 /* Cocoa.app */;
			productType = "com.apple.product-type.application";
		};
		04F011801A5F5A2D00F370D0 /* gambatte */ = {
			isa = PBXNativeTarget;
			buildConfigurationList = 04F011821A5F5A2D00F370D0 /* Build configuration list for PBXNativeTarget "gambatte" */;
			buildPhases = (
				04F0117D1A5F5A2D00F370D0 /* Sources */,
				04F0117E1A5F5A2D00F370D0 /* Frameworks */,
				04F0117F1A5F5A2D00F370D0 /* Headers */,
				04F011AE1A5F604700F370D0 /* CopyFiles */,
			);
			buildRules = (
			);
			dependencies = (
			);
			name = gambatte;
			productName = gambatte;
			productReference = 04F011811A5F5A2D00F370D0 /* gambatte.dylib */;
			productType = "com.apple.product-type.library.dynamic";
		};
/* End PBXNativeTarget section */

/* Begin PBXProject section */
		04CB041E1897669C00169B41 /* Project object */ = {
			isa = PBXProject;
			attributes = {
				LastUpgradeCheck = 0510;
				ORGANIZATIONNAME = Jack;
			};
			buildConfigurationList = 04CB04211897669C00169B41 /* Build configuration list for PBXProject "GCW Prototype" */;
			compatibilityVersion = "Xcode 3.2";
			developmentRegion = English;
			hasScannedForEncodings = 0;
			knownRegions = (
				en,
			);
			mainGroup = 04CB041D1897669C00169B41;
			productRefGroup = 04CB04271897669C00169B41 /* Products */;
			projectDirPath = "";
			projectRoot = "";
			targets = (
				04CB04251897669C00169B41 /* GCW Prototype */,
				04CB04411897670300169B41 /* Cocoa */,
				04BE23391A5B9E5100F61BD1 /* geekboy */,
				04F011801A5F5A2D00F370D0 /* gambatte */,
			);
		};
/* End PBXProject section */

/* Begin PBXResourcesBuildPhase section */
		04CB04401897670300169B41 /* Resources */ = {
			isa = PBXResourcesBuildPhase;
			buildActionMask = 2147483647;
			files = (
			);
			runOnlyForDeploymentPostprocessing = 0;
		};
/* End PBXResourcesBuildPhase section */

/* Begin PBXSourcesBuildPhase section */
		04BE23361A5B9E5100F61BD1 /* Sources */ = {
			isa = PBXSourcesBuildPhase;
			buildActionMask = 2147483647;
			files = (
				04BE23671A5B9EC600F61BD1 /* Basic_Gb_Apu.cpp in Sources */,
				04BE23681A5B9EC600F61BD1 /* Blip_Buffer.cpp in Sources */,
				04BE23691A5B9EC600F61BD1 /* Gb_Apu.cpp in Sources */,
				04BE236A1A5B9EC600F61BD1 /* Gb_Oscs.cpp in Sources */,
				04BE236B1A5B9EC600F61BD1 /* Multi_Buffer.cpp in Sources */,
				04BE236C1A5B9EC600F61BD1 /* Sound_Queue.cpp in Sources */,
				04BE236D1A5B9EC600F61BD1 /* cartridge.cpp in Sources */,
				04BE236E1A5B9EC600F61BD1 /* cpu.cpp in Sources */,
				04BE236F1A5B9EC600F61BD1 /* display.cpp in Sources */,
				04BE23701A5B9EC600F61BD1 /* emulator.cpp in Sources */,
				04BE23711A5B9EC600F61BD1 /* gcw.cpp in Sources */,
				04BE23721A5B9EC600F61BD1 /* memory.cpp in Sources */,
				04BE23731A5B9EC600F61BD1 /* opcodes.cpp in Sources */,
				04BE23751A5B9EC600F61BD1 /* sound.cpp in Sources */,
			);
			runOnlyForDeploymentPostprocessing = 0;
		};
		04CB04221897669C00169B41 /* Sources */ = {
			isa = PBXSourcesBuildPhase;
			buildActionMask = 2147483647;
			files = (
				047E9A9E1A55CF140066C697 /* manager.cpp in Sources */,
				047E9A9C1A55CF140066C697 /* loader.cpp in Sources */,
				0497E2C41A5795E800CAC445 /* systems.cpp in Sources */,
				047E9AA81A55CF140066C697 /* main.cpp in Sources */,
				047E9AB21A55CF140066C697 /* menu_view.cpp in Sources */,
				047E9A9A1A55CF140066C697 /* utils.cpp in Sources */,
				047E9AB41A55CF140066C697 /* path_view.cpp in Sources */,
				047E9AA21A55CF140066C697 /* rom_collection.cpp in Sources */,
				04B60DB91A58580C00DCFDBD /* loading_view.cpp in Sources */,
				047E9AA61A55CF140066C697 /* dummycore.cpp in Sources */,
				047E9AB01A55CF140066C697 /* core_view.cpp in Sources */,
				047E9AA01A55CF140066C697 /* persistence.cpp in Sources */,
				047E9AA41A55CF140066C697 /* settings.cpp in Sources */,
			);
			runOnlyForDeploymentPostprocessing = 0;
		};
		04CB043E1897670300169B41 /* Sources */ = {
			isa = PBXSourcesBuildPhase;
			buildActionMask = 2147483647;
			files = (
				04914ABC1A60254F001EAD6A /* sfx.cpp in Sources */,
				0435E55E1A636BC10059AC7E /* pause_view.cpp in Sources */,
				047E9A9F1A55CF140066C697 /* manager.cpp in Sources */,
				047E9A9D1A55CF140066C697 /* loader.cpp in Sources */,
				04914B0D1A60420A001EAD6A /* u48div.cpp in Sources */,
				04914AB71A601E28001EAD6A /* menu.cpp in Sources */,
				0497E2C51A5795E800CAC445 /* systems.cpp in Sources */,
				047E9AA91A55CF140066C697 /* main.cpp in Sources */,
				04914AB61A601E28001EAD6A /* gfx.cpp in Sources */,
				047E9AB31A55CF140066C697 /* menu_view.cpp in Sources */,
				047E9A9B1A55CF140066C697 /* utils.cpp in Sources */,
				047E9AB51A55CF140066C697 /* path_view.cpp in Sources */,
				047E9AA31A55CF140066C697 /* rom_collection.cpp in Sources */,
				04914AC31A602896001EAD6A /* audiosink.cpp in Sources */,
				04B60DBA1A58580C00DCFDBD /* loading_view.cpp in Sources */,
				04914AB81A601E28001EAD6A /* view.cpp in Sources */,
				047E9AA71A55CF140066C697 /* dummycore.cpp in Sources */,
				047E9AB11A55CF140066C697 /* core_view.cpp in Sources */,
				047E9AA11A55CF140066C697 /* persistence.cpp in Sources */,
				04914AC51A602944001EAD6A /* rateest.cpp in Sources */,
				047E9AA51A55CF140066C697 /* settings.cpp in Sources */,
			);
			runOnlyForDeploymentPostprocessing = 0;
		};
		04F0117D1A5F5A2D00F370D0 /* Sources */ = {
			isa = PBXSourcesBuildPhase;
			buildActionMask = 2147483647;
			files = (
				04914B821A604A4C001EAD6A /* maxsthq3x.cpp in Sources */,
				04F011851A5F5AA300F370D0 /* bitmap_font.cpp in Sources */,
				04F011861A5F5AA300F370D0 /* cpu.cpp in Sources */,
				04F011871A5F5AA300F370D0 /* file.cpp in Sources */,
				04F011881A5F5AA300F370D0 /* file_zip.cpp in Sources */,
				04914B781A604A4C001EAD6A /* vfilterinfo.cpp in Sources */,
				04F011891A5F5AA300F370D0 /* ioapi.c in Sources */,
				04F0118A1A5F5AA300F370D0 /* unzip.c in Sources */,
				04F0118B1A5F5AA300F370D0 /* gambatte.cpp in Sources */,
				04F0118C1A5F5AA300F370D0 /* initstate.cpp in Sources */,
				04F0118D1A5F5AA300F370D0 /* interrupter.cpp in Sources */,
				04F0118E1A5F5AA300F370D0 /* interruptrequester.cpp in Sources */,
				04F0118F1A5F5AA300F370D0 /* loadres.cpp in Sources */,
				04F011901A5F5AA300F370D0 /* cartridge.cpp in Sources */,
				04F011911A5F5AA300F370D0 /* memptrs.cpp in Sources */,
				04F011921A5F5AA300F370D0 /* pakinfo.cpp in Sources */,
				04F011931A5F5AA300F370D0 /* rtc.cpp in Sources */,
				04F011941A5F5AA300F370D0 /* memory.cpp in Sources */,
				04F011951A5F5AA300F370D0 /* channel1.cpp in Sources */,
				04914B7A1A604A4C001EAD6A /* catrom2x.cpp in Sources */,
				04F011961A5F5AA300F370D0 /* channel2.cpp in Sources */,
				04F011971A5F5AA300F370D0 /* channel3.cpp in Sources */,
				04F011981A5F5AA300F370D0 /* channel4.cpp in Sources */,
				04F011991A5F5AA300F370D0 /* duty_unit.cpp in Sources */,
				04F0119A1A5F5AA300F370D0 /* envelope_unit.cpp in Sources */,
				04F0119B1A5F5AA300F370D0 /* length_counter.cpp in Sources */,
				04F011BA1A5F699900F370D0 /* gcw.cpp in Sources */,
				04F0119C1A5F5AA300F370D0 /* sound.cpp in Sources */,
				04F0119D1A5F5AA300F370D0 /* state_osd_elements.cpp in Sources */,
				04914B761A604A4C001EAD6A /* rgb32conv.cpp in Sources */,
				04F0119E1A5F5AA300F370D0 /* statesaver.cpp in Sources */,
				04914B7E1A604A4C001EAD6A /* kreed2xsai.cpp in Sources */,
				04F0119F1A5F5AA300F370D0 /* tima.cpp in Sources */,
				04F011A01A5F5AA300F370D0 /* ly_counter.cpp in Sources */,
				04F011A11A5F5AA300F370D0 /* lyc_irq.cpp in Sources */,
				04F011A21A5F5AA300F370D0 /* next_m0_time.cpp in Sources */,
				04F011A31A5F5AA300F370D0 /* ppu.cpp in Sources */,
				04914B801A604A4C001EAD6A /* maxsthq2x.cpp in Sources */,
				04F011A41A5F5AA300F370D0 /* sprite_mapper.cpp in Sources */,
				04914B7C1A604A4C001EAD6A /* catrom3x.cpp in Sources */,
				04F011A51A5F5AA300F370D0 /* video.cpp in Sources */,
			);
			runOnlyForDeploymentPostprocessing = 0;
		};
/* End PBXSourcesBuildPhase section */

/* Begin PBXTargetDependency section */
		0486FA3F1A5CF06500453A29 /* PBXTargetDependency */ = {
			isa = PBXTargetDependency;
			target = 04BE23391A5B9E5100F61BD1 /* geekboy */;
			targetProxy = 0486FA3E1A5CF06500453A29 /* PBXContainerItemProxy */;
		};
		04F011BC1A5F789700F370D0 /* PBXTargetDependency */ = {
			isa = PBXTargetDependency;
			target = 04F011801A5F5A2D00F370D0 /* gambatte */;
			targetProxy = 04F011BB1A5F789700F370D0 /* PBXContainerItemProxy */;
		};
/* End PBXTargetDependency section */

/* Begin XCBuildConfiguration section */
		04BE233B1A5B9E5100F61BD1 /* Debug */ = {
			isa = XCBuildConfiguration;
			buildSettings = {
				CLANG_ENABLE_MODULES = YES;
				CLANG_ENABLE_OBJC_ARC = YES;
				CLANG_WARN_BOOL_CONVERSION = YES;
				CLANG_WARN_DIRECT_OBJC_ISA_USAGE = YES_ERROR;
				CLANG_WARN_OBJC_ROOT_CLASS = YES_ERROR;
				EXECUTABLE_PREFIX = "";
				GCC_PREPROCESSOR_DEFINITIONS = (
					"DEBUG=1",
					"$(inherited)",
				);
				GCC_WARN_ABOUT_RETURN_TYPE = YES_ERROR;
				GCC_WARN_UNDECLARED_SELECTOR = YES;
				GCC_WARN_UNINITIALIZED_AUTOS = YES_AGGRESSIVE;
				GCC_WARN_UNUSED_FUNCTION = YES;
				PRODUCT_NAME = "$(TARGET_NAME)";
			};
			name = Debug;
		};
		04BE233C1A5B9E5100F61BD1 /* Release */ = {
			isa = XCBuildConfiguration;
			buildSettings = {
				CLANG_ENABLE_MODULES = YES;
				CLANG_ENABLE_OBJC_ARC = YES;
				CLANG_WARN_BOOL_CONVERSION = YES;
				CLANG_WARN_DIRECT_OBJC_ISA_USAGE = YES_ERROR;
				CLANG_WARN_OBJC_ROOT_CLASS = YES_ERROR;
				ENABLE_NS_ASSERTIONS = NO;
				EXECUTABLE_PREFIX = "";
				GCC_WARN_ABOUT_RETURN_TYPE = YES_ERROR;
				GCC_WARN_UNDECLARED_SELECTOR = YES;
				GCC_WARN_UNINITIALIZED_AUTOS = YES_AGGRESSIVE;
				GCC_WARN_UNUSED_FUNCTION = YES;
				PRODUCT_NAME = "$(TARGET_NAME)";
			};
			name = Release;
		};
		04CB042D1897669C00169B41 /* Debug */ = {
			isa = XCBuildConfiguration;
			buildSettings = {
				ALWAYS_SEARCH_USER_PATHS = NO;
				CLANG_CXX_LANGUAGE_STANDARD = "gnu++0x";
				CLANG_CXX_LIBRARY = "libc++";
				CLANG_WARN_CONSTANT_CONVERSION = YES;
				CLANG_WARN_EMPTY_BODY = YES;
				CLANG_WARN_ENUM_CONVERSION = YES;
				CLANG_WARN_INT_CONVERSION = YES;
				CLANG_WARN__DUPLICATE_METHOD_MATCH = YES;
				COPY_PHASE_STRIP = NO;
				FRAMEWORK_SEARCH_PATHS = "$(LOCAL_LIBRARY_DIR)/Frameworks";
				GCC_C_LANGUAGE_STANDARD = gnu99;
				GCC_DYNAMIC_NO_PIC = NO;
				GCC_ENABLE_OBJC_EXCEPTIONS = YES;
				GCC_OPTIMIZATION_LEVEL = 0;
				GCC_PREPROCESSOR_DEFINITIONS = (
					"DEBUG=1",
					"$(inherited)",
				);
				GCC_SYMBOLS_PRIVATE_EXTERN = NO;
				GCC_WARN_64_TO_32_BIT_CONVERSION = NO;
				GCC_WARN_ABOUT_RETURN_TYPE = YES;
				GCC_WARN_UNINITIALIZED_AUTOS = YES;
				GCC_WARN_UNUSED_VARIABLE = YES;
				HEADER_SEARCH_PATHS = (
					"$(inherited)",
					/Applications/Xcode.app/Contents/Developer/Toolchains/XcodeDefault.xctoolchain/usr/include,
					/Library/Frameworks/SDL.framework/Headers,
					/Library/Frameworks/SDL_Image.framework/Headers,
				);
				MACOSX_DEPLOYMENT_TARGET = 10.8;
				ONLY_ACTIVE_ARCH = YES;
				SDKROOT = macosx;
			};
			name = Debug;
		};
		04CB042E1897669C00169B41 /* Release */ = {
			isa = XCBuildConfiguration;
			buildSettings = {
				ALWAYS_SEARCH_USER_PATHS = NO;
				CLANG_CXX_LANGUAGE_STANDARD = "gnu++0x";
				CLANG_CXX_LIBRARY = "libc++";
				CLANG_WARN_CONSTANT_CONVERSION = YES;
				CLANG_WARN_EMPTY_BODY = YES;
				CLANG_WARN_ENUM_CONVERSION = YES;
				CLANG_WARN_INT_CONVERSION = YES;
				CLANG_WARN__DUPLICATE_METHOD_MATCH = YES;
				COPY_PHASE_STRIP = YES;
				DEBUG_INFORMATION_FORMAT = "dwarf-with-dsym";
				FRAMEWORK_SEARCH_PATHS = "$(LOCAL_LIBRARY_DIR)/Frameworks";
				GCC_C_LANGUAGE_STANDARD = gnu99;
				GCC_ENABLE_OBJC_EXCEPTIONS = YES;
				GCC_WARN_64_TO_32_BIT_CONVERSION = NO;
				GCC_WARN_ABOUT_RETURN_TYPE = YES;
				GCC_WARN_UNINITIALIZED_AUTOS = YES;
				GCC_WARN_UNUSED_VARIABLE = YES;
				HEADER_SEARCH_PATHS = (
					"$(inherited)",
					/Applications/Xcode.app/Contents/Developer/Toolchains/XcodeDefault.xctoolchain/usr/include,
					/Library/Frameworks/SDL.framework/Headers,
					/Library/Frameworks/SDL_Image.framework/Headers,
				);
				LLVM_LTO = YES;
				MACOSX_DEPLOYMENT_TARGET = 10.8;
				SDKROOT = macosx;
			};
			name = Release;
		};
		04CB04301897669C00169B41 /* Debug */ = {
			isa = XCBuildConfiguration;
			buildSettings = {
				LIBRARY_SEARCH_PATHS = (
					"$(inherited)",
					/usr/local/Cellar/sdl/1.2.15/lib,
				);
				PRODUCT_NAME = "$(TARGET_NAME)";
			};
			name = Debug;
		};
		04CB04311897669C00169B41 /* Release */ = {
			isa = XCBuildConfiguration;
			buildSettings = {
				LIBRARY_SEARCH_PATHS = (
					"$(inherited)",
					/usr/local/Cellar/sdl/1.2.15/lib,
				);
				PRODUCT_NAME = "$(TARGET_NAME)";
			};
			name = Release;
		};
		04CB045D1897670300169B41 /* Debug */ = {
			isa = XCBuildConfiguration;
			buildSettings = {
				COMBINE_HIDPI_IMAGES = YES;
				GCC_PRECOMPILE_PREFIX_HEADER = YES;
				GCC_PREFIX_HEADER = "Cocoa-Prefix.pch";
				INFOPLIST_FILE = "$(SRCROOT)/Cocoa-Info.plist";
				LIBRARY_SEARCH_PATHS = (
					/Library/Frameworks/SDL.framework/,
					/usr/local/Cellar/sdl/1.2.15/lib,
				);
				PRODUCT_NAME = "$(TARGET_NAME)";
				WARNING_CFLAGS = (
					"-Wall",
					"-pedantic",
				);
				WRAPPER_EXTENSION = app;
			};
			name = Debug;
		};
		04CB045E1897670300169B41 /* Release */ = {
			isa = XCBuildConfiguration;
			buildSettings = {
				COMBINE_HIDPI_IMAGES = YES;
				GCC_PRECOMPILE_PREFIX_HEADER = YES;
				GCC_PREFIX_HEADER = "Cocoa-Prefix.pch";
				INFOPLIST_FILE = "$(SRCROOT)/Cocoa-Info.plist";
				LIBRARY_SEARCH_PATHS = (
					/Library/Frameworks/SDL.framework/,
					/usr/local/Cellar/sdl/1.2.15/lib,
				);
				PRODUCT_NAME = "$(TARGET_NAME)";
				WARNING_CFLAGS = (
					"-Wall",
					"-pedantic",
				);
				WRAPPER_EXTENSION = app;
			};
			name = Release;
		};
		04F011831A5F5A2D00F370D0 /* Debug */ = {
			isa = XCBuildConfiguration;
			buildSettings = {
				CLANG_ENABLE_MODULES = YES;
				CLANG_ENABLE_OBJC_ARC = YES;
				CLANG_WARN_BOOL_CONVERSION = YES;
				CLANG_WARN_DIRECT_OBJC_ISA_USAGE = YES_ERROR;
				CLANG_WARN_OBJC_ROOT_CLASS = YES_ERROR;
				EXECUTABLE_PREFIX = "";
				FRAMEWORK_SEARCH_PATHS = (
					"$(inherited)",
					"$(LOCAL_LIBRARY_DIR)/Frameworks",
				);
				GCC_PREPROCESSOR_DEFINITIONS = (
					"DEBUG=1",
					"$(inherited)",
				);
				GCC_WARN_ABOUT_RETURN_TYPE = YES_ERROR;
				GCC_WARN_UNDECLARED_SELECTOR = YES;
				GCC_WARN_UNINITIALIZED_AUTOS = YES_AGGRESSIVE;
				GCC_WARN_UNUSED_FUNCTION = YES;
				PRODUCT_NAME = "$(TARGET_NAME)";
			};
			name = Debug;
		};
		04F011841A5F5A2D00F370D0 /* Release */ = {
			isa = XCBuildConfiguration;
			buildSettings = {
				CLANG_ENABLE_MODULES = YES;
				CLANG_ENABLE_OBJC_ARC = YES;
				CLANG_WARN_BOOL_CONVERSION = YES;
				CLANG_WARN_DIRECT_OBJC_ISA_USAGE = YES_ERROR;
				CLANG_WARN_OBJC_ROOT_CLASS = YES_ERROR;
				ENABLE_NS_ASSERTIONS = NO;
				EXECUTABLE_PREFIX = "";
				FRAMEWORK_SEARCH_PATHS = (
					"$(inherited)",
					"$(LOCAL_LIBRARY_DIR)/Frameworks",
				);
				GCC_WARN_ABOUT_RETURN_TYPE = YES_ERROR;
				GCC_WARN_UNDECLARED_SELECTOR = YES;
				GCC_WARN_UNINITIALIZED_AUTOS = YES_AGGRESSIVE;
				GCC_WARN_UNUSED_FUNCTION = YES;
				PRODUCT_NAME = "$(TARGET_NAME)";
			};
			name = Release;
		};
/* End XCBuildConfiguration section */

/* Begin XCConfigurationList section */
		04BE233D1A5B9E5100F61BD1 /* Build configuration list for PBXNativeTarget "geekboy" */ = {
			isa = XCConfigurationList;
			buildConfigurations = (
				04BE233B1A5B9E5100F61BD1 /* Debug */,
				04BE233C1A5B9E5100F61BD1 /* Release */,
			);
			defaultConfigurationIsVisible = 0;
			defaultConfigurationName = Release;
		};
		04CB04211897669C00169B41 /* Build configuration list for PBXProject "GCW Prototype" */ = {
			isa = XCConfigurationList;
			buildConfigurations = (
				04CB042D1897669C00169B41 /* Debug */,
				04CB042E1897669C00169B41 /* Release */,
			);
			defaultConfigurationIsVisible = 0;
			defaultConfigurationName = Release;
		};
		04CB042F1897669C00169B41 /* Build configuration list for PBXNativeTarget "GCW Prototype" */ = {
			isa = XCConfigurationList;
			buildConfigurations = (
				04CB04301897669C00169B41 /* Debug */,
				04CB04311897669C00169B41 /* Release */,
			);
			defaultConfigurationIsVisible = 0;
			defaultConfigurationName = Release;
		};
		04CB045C1897670300169B41 /* Build configuration list for PBXNativeTarget "Cocoa" */ = {
			isa = XCConfigurationList;
			buildConfigurations = (
				04CB045D1897670300169B41 /* Debug */,
				04CB045E1897670300169B41 /* Release */,
			);
			defaultConfigurationIsVisible = 0;
			defaultConfigurationName = Release;
		};
		04F011821A5F5A2D00F370D0 /* Build configuration list for PBXNativeTarget "gambatte" */ = {
			isa = XCConfigurationList;
			buildConfigurations = (
				04F011831A5F5A2D00F370D0 /* Debug */,
				04F011841A5F5A2D00F370D0 /* Release */,
			);
			defaultConfigurationIsVisible = 0;
			defaultConfigurationName = Release;
		};
/* End XCConfigurationList section */
	};
	rootObject = 04CB041E1897669C00169B41 /* Project object */;
}
